// !$*UTF8*$!
{
	archiveVersion = 1;
	classes = {
	};
	objectVersion = 55;
	objects = {

/* Begin PBXBuildFile section */
		94477F13289D200900B8B733 /* gray_circle_x.png in Resources */ = {isa = PBXBuildFile; fileRef = 94477F12289D200900B8B733 /* gray_circle_x.png */; };
		94573F26289C35A700EB4A3D /* done_check_icon.png in Resources */ = {isa = PBXBuildFile; fileRef = 94573F25289C35A700EB4A3D /* done_check_icon.png */; };
		94A23453289BFA0F0073E47F /* AppDelegate.swift in Sources */ = {isa = PBXBuildFile; fileRef = 94A23452289BFA0F0073E47F /* AppDelegate.swift */; };
		94A23455289BFA0F0073E47F /* SceneDelegate.swift in Sources */ = {isa = PBXBuildFile; fileRef = 94A23454289BFA0F0073E47F /* SceneDelegate.swift */; };
		94A23457289BFA0F0073E47F /* ViewController.swift in Sources */ = {isa = PBXBuildFile; fileRef = 94A23456289BFA0F0073E47F /* ViewController.swift */; };
		94A2345A289BFA0F0073E47F /* Main.storyboard in Resources */ = {isa = PBXBuildFile; fileRef = 94A23458289BFA0F0073E47F /* Main.storyboard */; };
		94A2345C289BFA100073E47F /* Assets.xcassets in Resources */ = {isa = PBXBuildFile; fileRef = 94A2345B289BFA100073E47F /* Assets.xcassets */; };
		94A2345F289BFA100073E47F /* LaunchScreen.storyboard in Resources */ = {isa = PBXBuildFile; fileRef = 94A2345D289BFA100073E47F /* LaunchScreen.storyboard */; };
		94A2346A289BFA100073E47F /* Popup_complexTests.swift in Sources */ = {isa = PBXBuildFile; fileRef = 94A23469289BFA100073E47F /* Popup_complexTests.swift */; };
		94A23474289BFA100073E47F /* Popup_complexUITests.swift in Sources */ = {isa = PBXBuildFile; fileRef = 94A23473289BFA100073E47F /* Popup_complexUITests.swift */; };
		94A23476289BFA100073E47F /* Popup_complexUITestsLaunchTests.swift in Sources */ = {isa = PBXBuildFile; fileRef = 94A23475289BFA100073E47F /* Popup_complexUITestsLaunchTests.swift */; };
		94A23483289BFB5B0073E47F /* balloon_3.png in Resources */ = {isa = PBXBuildFile; fileRef = 94A23482289BFB5B0073E47F /* balloon_3.png */; };
		94A23485289BFB730073E47F /* bg5.png in Resources */ = {isa = PBXBuildFile; fileRef = 94A23484289BFB730073E47F /* bg5.png */; };
		94A23487289BFBF40073E47F /* PopupViewController.swift in Sources */ = {isa = PBXBuildFile; fileRef = 94A23486289BFBF40073E47F /* PopupViewController.swift */; };
		94A23489289BFC7C0073E47F /* PopupViewController.storyboard in Resources */ = {isa = PBXBuildFile; fileRef = 94A23488289BFC7C0073E47F /* PopupViewController.storyboard */; };
/* End PBXBuildFile section */

/* Begin PBXContainerItemProxy section */
		94A23466289BFA100073E47F /* PBXContainerItemProxy */ = {
			isa = PBXContainerItemProxy;
			containerPortal = 94A23447289BFA0F0073E47F /* Project object */;
			proxyType = 1;
			remoteGlobalIDString = 94A2344E289BFA0F0073E47F;
			remoteInfo = Popup_complex;
		};
		94A23470289BFA100073E47F /* PBXContainerItemProxy */ = {
			isa = PBXContainerItemProxy;
			containerPortal = 94A23447289BFA0F0073E47F /* Project object */;
			proxyType = 1;
			remoteGlobalIDString = 94A2344E289BFA0F0073E47F;
			remoteInfo = Popup_complex;
		};
/* End PBXContainerItemProxy section */

/* Begin PBXFileReference section */
		94477F12289D200900B8B733 /* gray_circle_x.png */ = {isa = PBXFileReference; lastKnownFileType = image.png; path = gray_circle_x.png; sourceTree = "<group>"; };
		94573F25289C35A700EB4A3D /* done_check_icon.png */ = {isa = PBXFileReference; lastKnownFileType = image.png; path = done_check_icon.png; sourceTree = "<group>"; };
		94A2344F289BFA0F0073E47F /* Popup_complex.app */ = {isa = PBXFileReference; explicitFileType = wrapper.application; includeInIndex = 0; path = Popup_complex.app; sourceTree = BUILT_PRODUCTS_DIR; };
		94A23452289BFA0F0073E47F /* AppDelegate.swift */ = {isa = PBXFileReference; lastKnownFileType = sourcecode.swift; path = AppDelegate.swift; sourceTree = "<group>"; };
		94A23454289BFA0F0073E47F /* SceneDelegate.swift */ = {isa = PBXFileReference; lastKnownFileType = sourcecode.swift; path = SceneDelegate.swift; sourceTree = "<group>"; };
		94A23456289BFA0F0073E47F /* ViewController.swift */ = {isa = PBXFileReference; lastKnownFileType = sourcecode.swift; path = ViewController.swift; sourceTree = "<group>"; };
		94A23459289BFA0F0073E47F /* Base */ = {isa = PBXFileReference; lastKnownFileType = file.storyboard; name = Base; path = Base.lproj/Main.storyboard; sourceTree = "<group>"; };
		94A2345B289BFA100073E47F /* Assets.xcassets */ = {isa = PBXFileReference; lastKnownFileType = folder.assetcatalog; path = Assets.xcassets; sourceTree = "<group>"; };
		94A2345E289BFA100073E47F /* Base */ = {isa = PBXFileReference; lastKnownFileType = file.storyboard; name = Base; path = Base.lproj/LaunchScreen.storyboard; sourceTree = "<group>"; };
		94A23460289BFA100073E47F /* Info.plist */ = {isa = PBXFileReference; lastKnownFileType = text.plist.xml; path = Info.plist; sourceTree = "<group>"; };
		94A23465289BFA100073E47F /* Popup_complexTests.xctest */ = {isa = PBXFileReference; explicitFileType = wrapper.cfbundle; includeInIndex = 0; path = Popup_complexTests.xctest; sourceTree = BUILT_PRODUCTS_DIR; };
		94A23469289BFA100073E47F /* Popup_complexTests.swift */ = {isa = PBXFileReference; lastKnownFileType = sourcecode.swift; path = Popup_complexTests.swift; sourceTree = "<group>"; };
		94A2346F289BFA100073E47F /* Popup_complexUITests.xctest */ = {isa = PBXFileReference; explicitFileType = wrapper.cfbundle; includeInIndex = 0; path = Popup_complexUITests.xctest; sourceTree = BUILT_PRODUCTS_DIR; };
		94A23473289BFA100073E47F /* Popup_complexUITests.swift */ = {isa = PBXFileReference; lastKnownFileType = sourcecode.swift; path = Popup_complexUITests.swift; sourceTree = "<group>"; };
		94A23475289BFA100073E47F /* Popup_complexUITestsLaunchTests.swift */ = {isa = PBXFileReference; lastKnownFileType = sourcecode.swift; path = Popup_complexUITestsLaunchTests.swift; sourceTree = "<group>"; };
		94A23482289BFB5B0073E47F /* balloon_3.png */ = {isa = PBXFileReference; lastKnownFileType = image.png; path = balloon_3.png; sourceTree = "<group>"; };
		94A23484289BFB730073E47F /* bg5.png */ = {isa = PBXFileReference; lastKnownFileType = image.png; path = bg5.png; sourceTree = "<group>"; };
		94A23486289BFBF40073E47F /* PopupViewController.swift */ = {isa = PBXFileReference; lastKnownFileType = sourcecode.swift; path = PopupViewController.swift; sourceTree = "<group>"; };
		94A23488289BFC7C0073E47F /* PopupViewController.storyboard */ = {isa = PBXFileReference; lastKnownFileType = file.storyboard; path = PopupViewController.storyboard; sourceTree = "<group>"; };
/* End PBXFileReference section */

/* Begin PBXFrameworksBuildPhase section */
		94A2344C289BFA0F0073E47F /* Frameworks */ = {
			isa = PBXFrameworksBuildPhase;
			buildActionMask = 2147483647;
			files = (
			);
			runOnlyForDeploymentPostprocessing = 0;
		};
		94A23462289BFA100073E47F /* Frameworks */ = {
			isa = PBXFrameworksBuildPhase;
			buildActionMask = 2147483647;
			files = (
			);
			runOnlyForDeploymentPostprocessing = 0;
		};
		94A2346C289BFA100073E47F /* Frameworks */ = {
			isa = PBXFrameworksBuildPhase;
			buildActionMask = 2147483647;
			files = (
			);
			runOnlyForDeploymentPostprocessing = 0;
		};
/* End PBXFrameworksBuildPhase section */

/* Begin PBXGroup section */
		94A23446289BFA0F0073E47F = {
			isa = PBXGroup;
			children = (
				94A23451289BFA0F0073E47F /* Popup_complex */,
				94A23468289BFA100073E47F /* Popup_complexTests */,
				94A23472289BFA100073E47F /* Popup_complexUITests */,
				94A23450289BFA0F0073E47F /* Products */,
			);
			sourceTree = "<group>";
		};
		94A23450289BFA0F0073E47F /* Products */ = {
			isa = PBXGroup;
			children = (
				94A2344F289BFA0F0073E47F /* Popup_complex.app */,
				94A23465289BFA100073E47F /* Popup_complexTests.xctest */,
				94A2346F289BFA100073E47F /* Popup_complexUITests.xctest */,
			);
			name = Products;
			sourceTree = "<group>";
		};
		94A23451289BFA0F0073E47F /* Popup_complex */ = {
			isa = PBXGroup;
			children = (
				94A23452289BFA0F0073E47F /* AppDelegate.swift */,
				94A23454289BFA0F0073E47F /* SceneDelegate.swift */,
				94A23456289BFA0F0073E47F /* ViewController.swift */,
				94A23486289BFBF40073E47F /* PopupViewController.swift */,
				94A23488289BFC7C0073E47F /* PopupViewController.storyboard */,
				94A23458289BFA0F0073E47F /* Main.storyboard */,
				94A2345B289BFA100073E47F /* Assets.xcassets */,
				94A2345D289BFA100073E47F /* LaunchScreen.storyboard */,
				94573F25289C35A700EB4A3D /* done_check_icon.png */,
				94A23482289BFB5B0073E47F /* balloon_3.png */,
				94A23484289BFB730073E47F /* bg5.png */,
				94477F12289D200900B8B733 /* gray_circle_x.png */,
				94A23460289BFA100073E47F /* Info.plist */,
			);
			path = Popup_complex;
			sourceTree = "<group>";
		};
		94A23468289BFA100073E47F /* Popup_complexTests */ = {
			isa = PBXGroup;
			children = (
				94A23469289BFA100073E47F /* Popup_complexTests.swift */,
			);
			path = Popup_complexTests;
			sourceTree = "<group>";
		};
		94A23472289BFA100073E47F /* Popup_complexUITests */ = {
			isa = PBXGroup;
			children = (
				94A23473289BFA100073E47F /* Popup_complexUITests.swift */,
				94A23475289BFA100073E47F /* Popup_complexUITestsLaunchTests.swift */,
			);
			path = Popup_complexUITests;
			sourceTree = "<group>";
		};
/* End PBXGroup section */

/* Begin PBXNativeTarget section */
		94A2344E289BFA0F0073E47F /* Popup_complex */ = {
			isa = PBXNativeTarget;
			buildConfigurationList = 94A23479289BFA100073E47F /* Build configuration list for PBXNativeTarget "Popup_complex" */;
			buildPhases = (
				94A2344B289BFA0F0073E47F /* Sources */,
				94A2344C289BFA0F0073E47F /* Frameworks */,
				94A2344D289BFA0F0073E47F /* Resources */,
			);
			buildRules = (
			);
			dependencies = (
			);
			name = Popup_complex;
			productName = Popup_complex;
			productReference = 94A2344F289BFA0F0073E47F /* Popup_complex.app */;
			productType = "com.apple.product-type.application";
		};
		94A23464289BFA100073E47F /* Popup_complexTests */ = {
			isa = PBXNativeTarget;
			buildConfigurationList = 94A2347C289BFA100073E47F /* Build configuration list for PBXNativeTarget "Popup_complexTests" */;
			buildPhases = (
				94A23461289BFA100073E47F /* Sources */,
				94A23462289BFA100073E47F /* Frameworks */,
				94A23463289BFA100073E47F /* Resources */,
			);
			buildRules = (
			);
			dependencies = (
				94A23467289BFA100073E47F /* PBXTargetDependency */,
			);
			name = Popup_complexTests;
			productName = Popup_complexTests;
			productReference = 94A23465289BFA100073E47F /* Popup_complexTests.xctest */;
			productType = "com.apple.product-type.bundle.unit-test";
		};
		94A2346E289BFA100073E47F /* Popup_complexUITests */ = {
			isa = PBXNativeTarget;
			buildConfigurationList = 94A2347F289BFA100073E47F /* Build configuration list for PBXNativeTarget "Popup_complexUITests" */;
			buildPhases = (
				94A2346B289BFA100073E47F /* Sources */,
				94A2346C289BFA100073E47F /* Frameworks */,
				94A2346D289BFA100073E47F /* Resources */,
			);
			buildRules = (
			);
			dependencies = (
				94A23471289BFA100073E47F /* PBXTargetDependency */,
			);
			name = Popup_complexUITests;
			productName = Popup_complexUITests;
			productReference = 94A2346F289BFA100073E47F /* Popup_complexUITests.xctest */;
			productType = "com.apple.product-type.bundle.ui-testing";
		};
/* End PBXNativeTarget section */

/* Begin PBXProject section */
		94A23447289BFA0F0073E47F /* Project object */ = {
			isa = PBXProject;
			attributes = {
				BuildIndependentTargetsInParallel = 1;
				LastSwiftUpdateCheck = 1340;
				LastUpgradeCheck = 1340;
				TargetAttributes = {
					94A2344E289BFA0F0073E47F = {
						CreatedOnToolsVersion = 13.4.1;
					};
					94A23464289BFA100073E47F = {
						CreatedOnToolsVersion = 13.4.1;
						TestTargetID = 94A2344E289BFA0F0073E47F;
					};
					94A2346E289BFA100073E47F = {
						CreatedOnToolsVersion = 13.4.1;
						TestTargetID = 94A2344E289BFA0F0073E47F;
					};
				};
			};
			buildConfigurationList = 94A2344A289BFA0F0073E47F /* Build configuration list for PBXProject "Popup_complex" */;
			compatibilityVersion = "Xcode 13.0";
			developmentRegion = en;
			hasScannedForEncodings = 0;
			knownRegions = (
				en,
				Base,
			);
			mainGroup = 94A23446289BFA0F0073E47F;
			productRefGroup = 94A23450289BFA0F0073E47F /* Products */;
			projectDirPath = "";
			projectRoot = "";
			targets = (
				94A2344E289BFA0F0073E47F /* Popup_complex */,
				94A23464289BFA100073E47F /* Popup_complexTests */,
				94A2346E289BFA100073E47F /* Popup_complexUITests */,
			);
		};
/* End PBXProject section */

/* Begin PBXResourcesBuildPhase section */
		94A2344D289BFA0F0073E47F /* Resources */ = {
			isa = PBXResourcesBuildPhase;
			buildActionMask = 2147483647;
			files = (
				94A23489289BFC7C0073E47F /* PopupViewController.storyboard in Resources */,
				94A23485289BFB730073E47F /* bg5.png in Resources */,
				94A2345F289BFA100073E47F /* LaunchScreen.storyboard in Resources */,
				94573F26289C35A700EB4A3D /* done_check_icon.png in Resources */,
				94A23483289BFB5B0073E47F /* balloon_3.png in Resources */,
				94A2345C289BFA100073E47F /* Assets.xcassets in Resources */,
				94A2345A289BFA0F0073E47F /* Main.storyboard in Resources */,
				94477F13289D200900B8B733 /* gray_circle_x.png in Resources */,
			);
			runOnlyForDeploymentPostprocessing = 0;
		};
		94A23463289BFA100073E47F /* Resources */ = {
			isa = PBXResourcesBuildPhase;
			buildActionMask = 2147483647;
			files = (
			);
			runOnlyForDeploymentPostprocessing = 0;
		};
		94A2346D289BFA100073E47F /* Resources */ = {
			isa = PBXResourcesBuildPhase;
			buildActionMask = 2147483647;
			files = (
			);
			runOnlyForDeploymentPostprocessing = 0;
		};
/* End PBXResourcesBuildPhase section */

/* Begin PBXSourcesBuildPhase section */
		94A2344B289BFA0F0073E47F /* Sources */ = {
			isa = PBXSourcesBuildPhase;
			buildActionMask = 2147483647;
			files = (
				94A23457289BFA0F0073E47F /* ViewController.swift in Sources */,
				94A23453289BFA0F0073E47F /* AppDelegate.swift in Sources */,
				94A23455289BFA0F0073E47F /* SceneDelegate.swift in Sources */,
				94A23487289BFBF40073E47F /* PopupViewController.swift in Sources */,
			);
			runOnlyForDeploymentPostprocessing = 0;
		};
		94A23461289BFA100073E47F /* Sources */ = {
			isa = PBXSourcesBuildPhase;
			buildActionMask = 2147483647;
			files = (
				94A2346A289BFA100073E47F /* Popup_complexTests.swift in Sources */,
			);
			runOnlyForDeploymentPostprocessing = 0;
		};
		94A2346B289BFA100073E47F /* Sources */ = {
			isa = PBXSourcesBuildPhase;
			buildActionMask = 2147483647;
			files = (
				94A23476289BFA100073E47F /* Popup_complexUITestsLaunchTests.swift in Sources */,
				94A23474289BFA100073E47F /* Popup_complexUITests.swift in Sources */,
			);
			runOnlyForDeploymentPostprocessing = 0;
		};
/* End PBXSourcesBuildPhase section */

/* Begin PBXTargetDependency section */
		94A23467289BFA100073E47F /* PBXTargetDependency */ = {
			isa = PBXTargetDependency;
			target = 94A2344E289BFA0F0073E47F /* Popup_complex */;
			targetProxy = 94A23466289BFA100073E47F /* PBXContainerItemProxy */;
		};
		94A23471289BFA100073E47F /* PBXTargetDependency */ = {
			isa = PBXTargetDependency;
			target = 94A2344E289BFA0F0073E47F /* Popup_complex */;
			targetProxy = 94A23470289BFA100073E47F /* PBXContainerItemProxy */;
		};
/* End PBXTargetDependency section */

/* Begin PBXVariantGroup section */
		94A23458289BFA0F0073E47F /* Main.storyboard */ = {
			isa = PBXVariantGroup;
			children = (
				94A23459289BFA0F0073E47F /* Base */,
			);
			name = Main.storyboard;
			sourceTree = "<group>";
		};
		94A2345D289BFA100073E47F /* LaunchScreen.storyboard */ = {
			isa = PBXVariantGroup;
			children = (
				94A2345E289BFA100073E47F /* Base */,
			);
			name = LaunchScreen.storyboard;
			sourceTree = "<group>";
		};
/* End PBXVariantGroup section */

/* Begin XCBuildConfiguration section */
		94A23477289BFA100073E47F /* Debug */ = {
			isa = XCBuildConfiguration;
			buildSettings = {
				ALWAYS_SEARCH_USER_PATHS = NO;
				CLANG_ANALYZER_NONNULL = YES;
				CLANG_ANALYZER_NUMBER_OBJECT_CONVERSION = YES_AGGRESSIVE;
				CLANG_CXX_LANGUAGE_STANDARD = "gnu++17";
				CLANG_ENABLE_MODULES = YES;
				CLANG_ENABLE_OBJC_ARC = YES;
				CLANG_ENABLE_OBJC_WEAK = YES;
				CLANG_WARN_BLOCK_CAPTURE_AUTORELEASING = YES;
				CLANG_WARN_BOOL_CONVERSION = YES;
				CLANG_WARN_COMMA = YES;
				CLANG_WARN_CONSTANT_CONVERSION = YES;
				CLANG_WARN_DEPRECATED_OBJC_IMPLEMENTATIONS = YES;
				CLANG_WARN_DIRECT_OBJC_ISA_USAGE = YES_ERROR;
				CLANG_WARN_DOCUMENTATION_COMMENTS = YES;
				CLANG_WARN_EMPTY_BODY = YES;
				CLANG_WARN_ENUM_CONVERSION = YES;
				CLANG_WARN_INFINITE_RECURSION = YES;
				CLANG_WARN_INT_CONVERSION = YES;
				CLANG_WARN_NON_LITERAL_NULL_CONVERSION = YES;
				CLANG_WARN_OBJC_IMPLICIT_RETAIN_SELF = YES;
				CLANG_WARN_OBJC_LITERAL_CONVERSION = YES;
				CLANG_WARN_OBJC_ROOT_CLASS = YES_ERROR;
				CLANG_WARN_QUOTED_INCLUDE_IN_FRAMEWORK_HEADER = YES;
				CLANG_WARN_RANGE_LOOP_ANALYSIS = YES;
				CLANG_WARN_STRICT_PROTOTYPES = YES;
				CLANG_WARN_SUSPICIOUS_MOVE = YES;
				CLANG_WARN_UNGUARDED_AVAILABILITY = YES_AGGRESSIVE;
				CLANG_WARN_UNREACHABLE_CODE = YES;
				CLANG_WARN__DUPLICATE_METHOD_MATCH = YES;
				COPY_PHASE_STRIP = NO;
				DEBUG_INFORMATION_FORMAT = dwarf;
				ENABLE_STRICT_OBJC_MSGSEND = YES;
				ENABLE_TESTABILITY = YES;
				GCC_C_LANGUAGE_STANDARD = gnu11;
				GCC_DYNAMIC_NO_PIC = NO;
				GCC_NO_COMMON_BLOCKS = YES;
				GCC_OPTIMIZATION_LEVEL = 0;
				GCC_PREPROCESSOR_DEFINITIONS = (
					"DEBUG=1",
					"$(inherited)",
				);
				GCC_WARN_64_TO_32_BIT_CONVERSION = YES;
				GCC_WARN_ABOUT_RETURN_TYPE = YES_ERROR;
				GCC_WARN_UNDECLARED_SELECTOR = YES;
				GCC_WARN_UNINITIALIZED_AUTOS = YES_AGGRESSIVE;
				GCC_WARN_UNUSED_FUNCTION = YES;
				GCC_WARN_UNUSED_VARIABLE = YES;
				IPHONEOS_DEPLOYMENT_TARGET = 15.5;
				MTL_ENABLE_DEBUG_INFO = INCLUDE_SOURCE;
				MTL_FAST_MATH = YES;
				ONLY_ACTIVE_ARCH = YES;
				SDKROOT = iphoneos;
				SWIFT_ACTIVE_COMPILATION_CONDITIONS = DEBUG;
				SWIFT_OPTIMIZATION_LEVEL = "-Onone";
			};
			name = Debug;
		};
		94A23478289BFA100073E47F /* Release */ = {
			isa = XCBuildConfiguration;
			buildSettings = {
				ALWAYS_SEARCH_USER_PATHS = NO;
				CLANG_ANALYZER_NONNULL = YES;
				CLANG_ANALYZER_NUMBER_OBJECT_CONVERSION = YES_AGGRESSIVE;
				CLANG_CXX_LANGUAGE_STANDARD = "gnu++17";
				CLANG_ENABLE_MODULES = YES;
				CLANG_ENABLE_OBJC_ARC = YES;
				CLANG_ENABLE_OBJC_WEAK = YES;
				CLANG_WARN_BLOCK_CAPTURE_AUTORELEASING = YES;
				CLANG_WARN_BOOL_CONVERSION = YES;
				CLANG_WARN_COMMA = YES;
				CLANG_WARN_CONSTANT_CONVERSION = YES;
				CLANG_WARN_DEPRECATED_OBJC_IMPLEMENTATIONS = YES;
				CLANG_WARN_DIRECT_OBJC_ISA_USAGE = YES_ERROR;
				CLANG_WARN_DOCUMENTATION_COMMENTS = YES;
				CLANG_WARN_EMPTY_BODY = YES;
				CLANG_WARN_ENUM_CONVERSION = YES;
				CLANG_WARN_INFINITE_RECURSION = YES;
				CLANG_WARN_INT_CONVERSION = YES;
				CLANG_WARN_NON_LITERAL_NULL_CONVERSION = YES;
				CLANG_WARN_OBJC_IMPLICIT_RETAIN_SELF = YES;
				CLANG_WARN_OBJC_LITERAL_CONVERSION = YES;
				CLANG_WARN_OBJC_ROOT_CLASS = YES_ERROR;
				CLANG_WARN_QUOTED_INCLUDE_IN_FRAMEWORK_HEADER = YES;
				CLANG_WARN_RANGE_LOOP_ANALYSIS = YES;
				CLANG_WARN_STRICT_PROTOTYPES = YES;
				CLANG_WARN_SUSPICIOUS_MOVE = YES;
				CLANG_WARN_UNGUARDED_AVAILABILITY = YES_AGGRESSIVE;
				CLANG_WARN_UNREACHABLE_CODE = YES;
				CLANG_WARN__DUPLICATE_METHOD_MATCH = YES;
				COPY_PHASE_STRIP = NO;
				DEBUG_INFORMATION_FORMAT = "dwarf-with-dsym";
				ENABLE_NS_ASSERTIONS = NO;
				ENABLE_STRICT_OBJC_MSGSEND = YES;
				GCC_C_LANGUAGE_STANDARD = gnu11;
				GCC_NO_COMMON_BLOCKS = YES;
				GCC_WARN_64_TO_32_BIT_CONVERSION = YES;
				GCC_WARN_ABOUT_RETURN_TYPE = YES_ERROR;
				GCC_WARN_UNDECLARED_SELECTOR = YES;
				GCC_WARN_UNINITIALIZED_AUTOS = YES_AGGRESSIVE;
				GCC_WARN_UNUSED_FUNCTION = YES;
				GCC_WARN_UNUSED_VARIABLE = YES;
				IPHONEOS_DEPLOYMENT_TARGET = 15.5;
				MTL_ENABLE_DEBUG_INFO = NO;
				MTL_FAST_MATH = YES;
				SDKROOT = iphoneos;
				SWIFT_COMPILATION_MODE = wholemodule;
				SWIFT_OPTIMIZATION_LEVEL = "-O";
				VALIDATE_PRODUCT = YES;
			};
			name = Release;
		};
		94A2347A289BFA100073E47F /* Debug */ = {
			isa = XCBuildConfiguration;
			buildSettings = {
				ASSETCATALOG_COMPILER_APPICON_NAME = AppIcon;
				ASSETCATALOG_COMPILER_GLOBAL_ACCENT_COLOR_NAME = AccentColor;
				CODE_SIGN_STYLE = Automatic;
				CURRENT_PROJECT_VERSION = 1;
				DEVELOPMENT_TEAM = UNTPRP3C66;
				GENERATE_INFOPLIST_FILE = YES;
				INFOPLIST_FILE = Popup_complex/Info.plist;
				INFOPLIST_KEY_UIApplicationSupportsIndirectInputEvents = YES;
				INFOPLIST_KEY_UILaunchStoryboardName = LaunchScreen;
				INFOPLIST_KEY_UIMainStoryboardFile = Main;
				INFOPLIST_KEY_UISupportedInterfaceOrientations_iPad = "UIInterfaceOrientationPortrait UIInterfaceOrientationPortraitUpsideDown UIInterfaceOrientationLandscapeLeft UIInterfaceOrientationLandscapeRight";
				INFOPLIST_KEY_UISupportedInterfaceOrientations_iPhone = "UIInterfaceOrientationPortrait UIInterfaceOrientationLandscapeLeft UIInterfaceOrientationLandscapeRight";
				IPHONEOS_DEPLOYMENT_TARGET = 14.0;
				LD_RUNPATH_SEARCH_PATHS = (
					"$(inherited)",
					"@executable_path/Frameworks",
				);
				MARKETING_VERSION = 1.0;
				PRODUCT_BUNDLE_IDENTIFIER = "kr.jp.kyulee.Popup-complex";
				PRODUCT_NAME = "$(TARGET_NAME)";
				SWIFT_EMIT_LOC_STRINGS = YES;
				SWIFT_VERSION = 5.0;
				TARGETED_DEVICE_FAMILY = 1;
			};
			name = Debug;
		};
		94A2347B289BFA100073E47F /* Release */ = {
			isa = XCBuildConfiguration;
			buildSettings = {
				ASSETCATALOG_COMPILER_APPICON_NAME = AppIcon;
				ASSETCATALOG_COMPILER_GLOBAL_ACCENT_COLOR_NAME = AccentColor;
				CODE_SIGN_STYLE = Automatic;
				CURRENT_PROJECT_VERSION = 1;
				DEVELOPMENT_TEAM = UNTPRP3C66;
				GENERATE_INFOPLIST_FILE = YES;
				INFOPLIST_FILE = Popup_complex/Info.plist;
				INFOPLIST_KEY_UIApplicationSupportsIndirectInputEvents = YES;
				INFOPLIST_KEY_UILaunchStoryboardName = LaunchScreen;
				INFOPLIST_KEY_UIMainStoryboardFile = Main;
				INFOPLIST_KEY_UISupportedInterfaceOrientations_iPad = "UIInterfaceOrientationPortrait UIInterfaceOrientationPortraitUpsideDown UIInterfaceOrientationLandscapeLeft UIInterfaceOrientationLandscapeRight";
				INFOPLIST_KEY_UISupportedInterfaceOrientations_iPhone = "UIInterfaceOrientationPortrait UIInterfaceOrientationLandscapeLeft UIInterfaceOrientationLandscapeRight";
				IPHONEOS_DEPLOYMENT_TARGET = 14.0;
				LD_RUNPATH_SEARCH_PATHS = (
					"$(inherited)",
					"@executable_path/Frameworks",
				);
				MARKETING_VERSION = 1.0;
				PRODUCT_BUNDLE_IDENTIFIER = "kr.jp.kyulee.Popup-complex";
				PRODUCT_NAME = "$(TARGET_NAME)";
				SWIFT_EMIT_LOC_STRINGS = YES;
				SWIFT_VERSION = 5.0;
				TARGETED_DEVICE_FAMILY = 1;
			};
			name = Release;
		};
		94A2347D289BFA100073E47F /* Debug */ = {
			isa = XCBuildConfiguration;
			buildSettings = {
				ALWAYS_EMBED_SWIFT_STANDARD_LIBRARIES = YES;
				BUNDLE_LOADER = "$(TEST_HOST)";
				CODE_SIGN_STYLE = Automatic;
				CURRENT_PROJECT_VERSION = 1;
				DEVELOPMENT_TEAM = UNTPRP3C66;
				GENERATE_INFOPLIST_FILE = YES;
				IPHONEOS_DEPLOYMENT_TARGET = 15.5;
				MARKETING_VERSION = 1.0;
				PRODUCT_BUNDLE_IDENTIFIER = "kr.jp.kyulee.Popup-complexTests";
				PRODUCT_NAME = "$(TARGET_NAME)";
				SWIFT_EMIT_LOC_STRINGS = NO;
				SWIFT_VERSION = 5.0;
				TARGETED_DEVICE_FAMILY = "1,2";
				TEST_HOST = "$(BUILT_PRODUCTS_DIR)/Popup_complex.app/Popup_complex";
			};
			name = Debug;
		};
		94A2347E289BFA100073E47F /* Release */ = {
			isa = XCBuildConfiguration;
			buildSettings = {
				ALWAYS_EMBED_SWIFT_STANDARD_LIBRARIES = YES;
				BUNDLE_LOADER = "$(TEST_HOST)";
				CODE_SIGN_STYLE = Automatic;
				CURRENT_PROJECT_VERSION = 1;
				DEVELOPMENT_TEAM = UNTPRP3C66;
				GENERATE_INFOPLIST_FILE = YES;
				IPHONEOS_DEPLOYMENT_TARGET = 15.5;
				MARKETING_VERSION = 1.0;
				PRODUCT_BUNDLE_IDENTIFIER = "kr.jp.kyulee.Popup-complexTests";
				PRODUCT_NAME = "$(TARGET_NAME)";
				SWIFT_EMIT_LOC_STRINGS = NO;
				SWIFT_VERSION = 5.0;
				TARGETED_DEVICE_FAMILY = "1,2";
				TEST_HOST = "$(BUILT_PRODUCTS_DIR)/Popup_complex.app/Popup_complex";
			};
			name = Release;
		};
		94A23480289BFA100073E47F /* Debug */ = {
			isa = XCBuildConfiguration;
			buildSettings = {
				ALWAYS_EMBED_SWIFT_STANDARD_LIBRARIES = YES;
				CODE_SIGN_STYLE = Automatic;
				CURRENT_PROJECT_VERSION = 1;
				DEVELOPMENT_TEAM = UNTPRP3C66;
				GENERATE_INFOPLIST_FILE = YES;
				MARKETING_VERSION = 1.0;
				PRODUCT_BUNDLE_IDENTIFIER = "kr.jp.kyulee.Popup-complexUITests";
				PRODUCT_NAME = "$(TARGET_NAME)";
				SWIFT_EMIT_LOC_STRINGS = NO;
				SWIFT_VERSION = 5.0;
				TARGETED_DEVICE_FAMILY = "1,2";
				TEST_TARGET_NAME = Popup_complex;
			};
			name = Debug;
		};
		94A23481289BFA100073E47F /* Release */ = {
			isa = XCBuildConfiguration;
			buildSettings = {
				ALWAYS_EMBED_SWIFT_STANDARD_LIBRARIES = YES;
				CODE_SIGN_STYLE = Automatic;
				CURRENT_PROJECT_VERSION = 1;
				DEVELOPMENT_TEAM = UNTPRP3C66;
				GENERATE_INFOPLIST_FILE = YES;
				MARKETING_VERSION = 1.0;
				PRODUCT_BUNDLE_IDENTIFIER = "kr.jp.kyulee.Popup-complexUITests";
				PRODUCT_NAME = "$(TARGET_NAME)";
				SWIFT_EMIT_LOC_STRINGS = NO;
				SWIFT_VERSION = 5.0;
				TARGETED_DEVICE_FAMILY = "1,2";
				TEST_TARGET_NAME = Popup_complex;
			};
			name = Release;
		};
/* End XCBuildConfiguration section */

/* Begin XCConfigurationList section */
		94A2344A289BFA0F0073E47F /* Build configuration list for PBXProject "Popup_complex" */ = {
			isa = XCConfigurationList;
			buildConfigurations = (
				94A23477289BFA100073E47F /* Debug */,
				94A23478289BFA100073E47F /* Release */,
			);
			defaultConfigurationIsVisible = 0;
			defaultConfigurationName = Release;
		};
		94A23479289BFA100073E47F /* Build configuration list for PBXNativeTarget "Popup_complex" */ = {
			isa = XCConfigurationList;
			buildConfigurations = (
				94A2347A289BFA100073E47F /* Debug */,
				94A2347B289BFA100073E47F /* Release */,
			);
			defaultConfigurationIsVisible = 0;
			defaultConfigurationName = Release;
		};
		94A2347C289BFA100073E47F /* Build configuration list for PBXNativeTarget "Popup_complexTests" */ = {
			isa = XCConfigurationList;
			buildConfigurations = (
				94A2347D289BFA100073E47F /* Debug */,
				94A2347E289BFA100073E47F /* Release */,
			);
			defaultConfigurationIsVisible = 0;
			defaultConfigurationName = Release;
		};
		94A2347F289BFA100073E47F /* Build configuration list for PBXNativeTarget "Popup_complexUITests" */ = {
			isa = XCConfigurationList;
			buildConfigurations = (
				94A23480289BFA100073E47F /* Debug */,
				94A23481289BFA100073E47F /* Release */,
			);
			defaultConfigurationIsVisible = 0;
			defaultConfigurationName = Release;
		};
/* End XCConfigurationList section */
	};
	rootObject = 94A23447289BFA0F0073E47F /* Project object */;
}
