// !$*UTF8*$!
{
	archiveVersion = 1;
	classes = {
	};
	objectVersion = 55;
	objects = {

/* Begin PBXBuildFile section */
		9418790A28B3B2A40021C524 /* HorizontalCollectionViewCell.swift in Sources */ = {isa = PBXBuildFile; fileRef = 9418790828B3B2A40021C524 /* HorizontalCollectionViewCell.swift */; };
		9418790B28B3B2A40021C524 /* HorizontalCollectionViewCell.xib in Resources */ = {isa = PBXBuildFile; fileRef = 9418790928B3B2A40021C524 /* HorizontalCollectionViewCell.xib */; };
		9419951E28B63507006B7033 /* musicRankingCell.swift in Sources */ = {isa = PBXBuildFile; fileRef = 9419951C28B63507006B7033 /* musicRankingCell.swift */; };
		9419951F28B63507006B7033 /* musicRankingCell.xib in Resources */ = {isa = PBXBuildFile; fileRef = 9419951D28B63507006B7033 /* musicRankingCell.xib */; };
		9419952128B63C17006B7033 /* MusicGenreModel.swift in Sources */ = {isa = PBXBuildFile; fileRef = 9419952028B63C17006B7033 /* MusicGenreModel.swift */; };
		9419952328B64F73006B7033 /* Colors.swift in Sources */ = {isa = PBXBuildFile; fileRef = 9419952228B64F73006B7033 /* Colors.swift */; };
		9419952828B6523A006B7033 /* BMJUA_otf.otf in Resources */ = {isa = PBXBuildFile; fileRef = 9419952728B6523A006B7033 /* BMJUA_otf.otf */; };
		9419952A28B6526B006B7033 /* fonts.swift in Sources */ = {isa = PBXBuildFile; fileRef = 9419952928B6526B006B7033 /* fonts.swift */; };
		945ECB7A28AF8AD8004605B1 /* SearchVC.swift in Sources */ = {isa = PBXBuildFile; fileRef = 945ECB7928AF8AD8004605B1 /* SearchVC.swift */; };
		945ECB7D28AF8B3B004605B1 /* searchModel.swift in Sources */ = {isa = PBXBuildFile; fileRef = 945ECB7C28AF8B3B004605B1 /* searchModel.swift */; };
		945ECB8228AF9292004605B1 /* SearchResultCell.swift in Sources */ = {isa = PBXBuildFile; fileRef = 945ECB8028AF9292004605B1 /* SearchResultCell.swift */; };
		945ECB8328AF9292004605B1 /* SearchResultCell.xib in Resources */ = {isa = PBXBuildFile; fileRef = 945ECB8128AF9292004605B1 /* SearchResultCell.xib */; };
		947EB22428B3A5AF00E1BDA2 /* MusicViewController.swift in Sources */ = {isa = PBXBuildFile; fileRef = 947EB22328B3A5AF00E1BDA2 /* MusicViewController.swift */; };
		94A668DF28B4DC6200D4B57E /* meal1.png in Resources */ = {isa = PBXBuildFile; fileRef = 94A668DE28B4DC6200D4B57E /* meal1.png */; };
		94A668E128B4DC6900D4B57E /* meal2.png in Resources */ = {isa = PBXBuildFile; fileRef = 94A668E028B4DC6900D4B57E /* meal2.png */; };
		94A668E328B4DC6F00D4B57E /* meal3.png in Resources */ = {isa = PBXBuildFile; fileRef = 94A668E228B4DC6F00D4B57E /* meal3.png */; };
		94A668E628B4E32400D4B57E /* HorizontalTableViewCell.swift in Sources */ = {isa = PBXBuildFile; fileRef = 94A668E428B4E32400D4B57E /* HorizontalTableViewCell.swift */; };
		94A668E728B4E32400D4B57E /* HorizontalTableViewCell.xib in Resources */ = {isa = PBXBuildFile; fileRef = 94A668E528B4E32400D4B57E /* HorizontalTableViewCell.xib */; };
		94A668EF28B4F27600D4B57E /* VerticalTableViewCell.swift in Sources */ = {isa = PBXBuildFile; fileRef = 94A668ED28B4F27600D4B57E /* VerticalTableViewCell.swift */; };
		94A668F028B4F27600D4B57E /* VerticalTableViewCell.xib in Resources */ = {isa = PBXBuildFile; fileRef = 94A668EE28B4F27600D4B57E /* VerticalTableViewCell.xib */; };
		94A668F328B4F30E00D4B57E /* VerticalCollectionViewCell.swift in Sources */ = {isa = PBXBuildFile; fileRef = 94A668F128B4F30E00D4B57E /* VerticalCollectionViewCell.swift */; };
		94A668F428B4F30E00D4B57E /* VerticalCollectionViewCell.xib in Resources */ = {isa = PBXBuildFile; fileRef = 94A668F228B4F30E00D4B57E /* VerticalCollectionViewCell.xib */; };
		94A668F628B4F64000D4B57E /* mealModel.swift in Sources */ = {isa = PBXBuildFile; fileRef = 94A668F528B4F64000D4B57E /* mealModel.swift */; };
		94A668F828B4F64F00D4B57E /* musicModel.swift in Sources */ = {isa = PBXBuildFile; fileRef = 94A668F728B4F64F00D4B57E /* musicModel.swift */; };
		94F9046B28A8E1C400CF2643 /* AppDelegate.swift in Sources */ = {isa = PBXBuildFile; fileRef = 94F9046A28A8E1C400CF2643 /* AppDelegate.swift */; };
		94F9046D28A8E1C400CF2643 /* SceneDelegate.swift in Sources */ = {isa = PBXBuildFile; fileRef = 94F9046C28A8E1C400CF2643 /* SceneDelegate.swift */; };
		94F9046F28A8E1C400CF2643 /* ViewController.swift in Sources */ = {isa = PBXBuildFile; fileRef = 94F9046E28A8E1C400CF2643 /* ViewController.swift */; };
		94F9047228A8E1C400CF2643 /* Main.storyboard in Resources */ = {isa = PBXBuildFile; fileRef = 94F9047028A8E1C400CF2643 /* Main.storyboard */; };
		94F9047428A8E1C500CF2643 /* Assets.xcassets in Resources */ = {isa = PBXBuildFile; fileRef = 94F9047328A8E1C500CF2643 /* Assets.xcassets */; };
		94F9047728A8E1C500CF2643 /* LaunchScreen.storyboard in Resources */ = {isa = PBXBuildFile; fileRef = 94F9047528A8E1C500CF2643 /* LaunchScreen.storyboard */; };
		94F9048228A8E1C500CF2643 /* TableViewPracTests.swift in Sources */ = {isa = PBXBuildFile; fileRef = 94F9048128A8E1C500CF2643 /* TableViewPracTests.swift */; };
		94F9048C28A8E1C500CF2643 /* TableViewPracUITests.swift in Sources */ = {isa = PBXBuildFile; fileRef = 94F9048B28A8E1C500CF2643 /* TableViewPracUITests.swift */; };
		94F9048E28A8E1C500CF2643 /* TableViewPracUITestsLaunchTests.swift in Sources */ = {isa = PBXBuildFile; fileRef = 94F9048D28A8E1C500CF2643 /* TableViewPracUITestsLaunchTests.swift */; };
		94F9049C28A8E20E00CF2643 /* CustomCell.swift in Sources */ = {isa = PBXBuildFile; fileRef = 94F9049A28A8E20E00CF2643 /* CustomCell.swift */; };
		94F9049D28A8E20E00CF2643 /* CustomCell.xib in Resources */ = {isa = PBXBuildFile; fileRef = 94F9049B28A8E20E00CF2643 /* CustomCell.xib */; };
/* End PBXBuildFile section */

/* Begin PBXContainerItemProxy section */
		94F9047E28A8E1C500CF2643 /* PBXContainerItemProxy */ = {
			isa = PBXContainerItemProxy;
			containerPortal = 94F9045F28A8E1C400CF2643 /* Project object */;
			proxyType = 1;
			remoteGlobalIDString = 94F9046628A8E1C400CF2643;
			remoteInfo = TableViewPrac;
		};
		94F9048828A8E1C500CF2643 /* PBXContainerItemProxy */ = {
			isa = PBXContainerItemProxy;
			containerPortal = 94F9045F28A8E1C400CF2643 /* Project object */;
			proxyType = 1;
			remoteGlobalIDString = 94F9046628A8E1C400CF2643;
			remoteInfo = TableViewPrac;
		};
/* End PBXContainerItemProxy section */

/* Begin PBXFileReference section */
		9418790828B3B2A40021C524 /* HorizontalCollectionViewCell.swift */ = {isa = PBXFileReference; lastKnownFileType = sourcecode.swift; path = HorizontalCollectionViewCell.swift; sourceTree = "<group>"; };
		9418790928B3B2A40021C524 /* HorizontalCollectionViewCell.xib */ = {isa = PBXFileReference; lastKnownFileType = file.xib; path = HorizontalCollectionViewCell.xib; sourceTree = "<group>"; };
		9419951C28B63507006B7033 /* musicRankingCell.swift */ = {isa = PBXFileReference; lastKnownFileType = sourcecode.swift; path = musicRankingCell.swift; sourceTree = "<group>"; };
		9419951D28B63507006B7033 /* musicRankingCell.xib */ = {isa = PBXFileReference; lastKnownFileType = file.xib; path = musicRankingCell.xib; sourceTree = "<group>"; };
		9419952028B63C17006B7033 /* MusicGenreModel.swift */ = {isa = PBXFileReference; lastKnownFileType = sourcecode.swift; path = MusicGenreModel.swift; sourceTree = "<group>"; };
		9419952228B64F73006B7033 /* Colors.swift */ = {isa = PBXFileReference; lastKnownFileType = sourcecode.swift; path = Colors.swift; sourceTree = "<group>"; };
		9419952728B6523A006B7033 /* BMJUA_otf.otf */ = {isa = PBXFileReference; lastKnownFileType = file; path = BMJUA_otf.otf; sourceTree = "<group>"; };
		9419952928B6526B006B7033 /* fonts.swift */ = {isa = PBXFileReference; lastKnownFileType = sourcecode.swift; path = fonts.swift; sourceTree = "<group>"; };
		945ECB7928AF8AD8004605B1 /* SearchVC.swift */ = {isa = PBXFileReference; lastKnownFileType = sourcecode.swift; path = SearchVC.swift; sourceTree = "<group>"; };
		945ECB7C28AF8B3B004605B1 /* searchModel.swift */ = {isa = PBXFileReference; lastKnownFileType = sourcecode.swift; path = searchModel.swift; sourceTree = "<group>"; };
		945ECB8028AF9292004605B1 /* SearchResultCell.swift */ = {isa = PBXFileReference; lastKnownFileType = sourcecode.swift; path = SearchResultCell.swift; sourceTree = "<group>"; };
		945ECB8128AF9292004605B1 /* SearchResultCell.xib */ = {isa = PBXFileReference; lastKnownFileType = file.xib; path = SearchResultCell.xib; sourceTree = "<group>"; };
		947EB22328B3A5AF00E1BDA2 /* MusicViewController.swift */ = {isa = PBXFileReference; lastKnownFileType = sourcecode.swift; path = MusicViewController.swift; sourceTree = "<group>"; };
		94A668DE28B4DC6200D4B57E /* meal1.png */ = {isa = PBXFileReference; lastKnownFileType = image.png; path = meal1.png; sourceTree = "<group>"; };
		94A668E028B4DC6900D4B57E /* meal2.png */ = {isa = PBXFileReference; lastKnownFileType = image.png; path = meal2.png; sourceTree = "<group>"; };
		94A668E228B4DC6F00D4B57E /* meal3.png */ = {isa = PBXFileReference; lastKnownFileType = image.png; path = meal3.png; sourceTree = "<group>"; };
		94A668E428B4E32400D4B57E /* HorizontalTableViewCell.swift */ = {isa = PBXFileReference; lastKnownFileType = sourcecode.swift; path = HorizontalTableViewCell.swift; sourceTree = "<group>"; };
		94A668E528B4E32400D4B57E /* HorizontalTableViewCell.xib */ = {isa = PBXFileReference; lastKnownFileType = file.xib; path = HorizontalTableViewCell.xib; sourceTree = "<group>"; };
		94A668ED28B4F27600D4B57E /* VerticalTableViewCell.swift */ = {isa = PBXFileReference; lastKnownFileType = sourcecode.swift; path = VerticalTableViewCell.swift; sourceTree = "<group>"; };
		94A668EE28B4F27600D4B57E /* VerticalTableViewCell.xib */ = {isa = PBXFileReference; lastKnownFileType = file.xib; path = VerticalTableViewCell.xib; sourceTree = "<group>"; };
		94A668F128B4F30E00D4B57E /* VerticalCollectionViewCell.swift */ = {isa = PBXFileReference; lastKnownFileType = sourcecode.swift; path = VerticalCollectionViewCell.swift; sourceTree = "<group>"; };
		94A668F228B4F30E00D4B57E /* VerticalCollectionViewCell.xib */ = {isa = PBXFileReference; lastKnownFileType = file.xib; path = VerticalCollectionViewCell.xib; sourceTree = "<group>"; };
		94A668F528B4F64000D4B57E /* mealModel.swift */ = {isa = PBXFileReference; lastKnownFileType = sourcecode.swift; path = mealModel.swift; sourceTree = "<group>"; };
		94A668F728B4F64F00D4B57E /* musicModel.swift */ = {isa = PBXFileReference; lastKnownFileType = sourcecode.swift; path = musicModel.swift; sourceTree = "<group>"; };
		94F9046728A8E1C400CF2643 /* TableViewPrac.app */ = {isa = PBXFileReference; explicitFileType = wrapper.application; includeInIndex = 0; path = TableViewPrac.app; sourceTree = BUILT_PRODUCTS_DIR; };
		94F9046A28A8E1C400CF2643 /* AppDelegate.swift */ = {isa = PBXFileReference; lastKnownFileType = sourcecode.swift; path = AppDelegate.swift; sourceTree = "<group>"; };
		94F9046C28A8E1C400CF2643 /* SceneDelegate.swift */ = {isa = PBXFileReference; lastKnownFileType = sourcecode.swift; path = SceneDelegate.swift; sourceTree = "<group>"; };
		94F9046E28A8E1C400CF2643 /* ViewController.swift */ = {isa = PBXFileReference; lastKnownFileType = sourcecode.swift; path = ViewController.swift; sourceTree = "<group>"; };
		94F9047128A8E1C400CF2643 /* Base */ = {isa = PBXFileReference; lastKnownFileType = file.storyboard; name = Base; path = Base.lproj/Main.storyboard; sourceTree = "<group>"; };
		94F9047328A8E1C500CF2643 /* Assets.xcassets */ = {isa = PBXFileReference; lastKnownFileType = folder.assetcatalog; path = Assets.xcassets; sourceTree = "<group>"; };
		94F9047628A8E1C500CF2643 /* Base */ = {isa = PBXFileReference; lastKnownFileType = file.storyboard; name = Base; path = Base.lproj/LaunchScreen.storyboard; sourceTree = "<group>"; };
		94F9047828A8E1C500CF2643 /* Info.plist */ = {isa = PBXFileReference; lastKnownFileType = text.plist.xml; path = Info.plist; sourceTree = "<group>"; };
		94F9047D28A8E1C500CF2643 /* TableViewPracTests.xctest */ = {isa = PBXFileReference; explicitFileType = wrapper.cfbundle; includeInIndex = 0; path = TableViewPracTests.xctest; sourceTree = BUILT_PRODUCTS_DIR; };
		94F9048128A8E1C500CF2643 /* TableViewPracTests.swift */ = {isa = PBXFileReference; lastKnownFileType = sourcecode.swift; path = TableViewPracTests.swift; sourceTree = "<group>"; };
		94F9048728A8E1C500CF2643 /* TableViewPracUITests.xctest */ = {isa = PBXFileReference; explicitFileType = wrapper.cfbundle; includeInIndex = 0; path = TableViewPracUITests.xctest; sourceTree = BUILT_PRODUCTS_DIR; };
		94F9048B28A8E1C500CF2643 /* TableViewPracUITests.swift */ = {isa = PBXFileReference; lastKnownFileType = sourcecode.swift; path = TableViewPracUITests.swift; sourceTree = "<group>"; };
		94F9048D28A8E1C500CF2643 /* TableViewPracUITestsLaunchTests.swift */ = {isa = PBXFileReference; lastKnownFileType = sourcecode.swift; path = TableViewPracUITestsLaunchTests.swift; sourceTree = "<group>"; };
		94F9049A28A8E20E00CF2643 /* CustomCell.swift */ = {isa = PBXFileReference; lastKnownFileType = sourcecode.swift; path = CustomCell.swift; sourceTree = "<group>"; };
		94F9049B28A8E20E00CF2643 /* CustomCell.xib */ = {isa = PBXFileReference; lastKnownFileType = file.xib; path = CustomCell.xib; sourceTree = "<group>"; };
/* End PBXFileReference section */

/* Begin PBXFrameworksBuildPhase section */
		94F9046428A8E1C400CF2643 /* Frameworks */ = {
			isa = PBXFrameworksBuildPhase;
			buildActionMask = 2147483647;
			files = (
			);
			runOnlyForDeploymentPostprocessing = 0;
		};
		94F9047A28A8E1C500CF2643 /* Frameworks */ = {
			isa = PBXFrameworksBuildPhase;
			buildActionMask = 2147483647;
			files = (
			);
			runOnlyForDeploymentPostprocessing = 0;
		};
		94F9048428A8E1C500CF2643 /* Frameworks */ = {
			isa = PBXFrameworksBuildPhase;
			buildActionMask = 2147483647;
			files = (
			);
			runOnlyForDeploymentPostprocessing = 0;
		};
/* End PBXFrameworksBuildPhase section */

/* Begin PBXGroup section */
		9419952428B6516B006B7033 /* Font */ = {
			isa = PBXGroup;
			children = (
				9419952928B6526B006B7033 /* fonts.swift */,
				9419952728B6523A006B7033 /* BMJUA_otf.otf */,
			);
			path = Font;
			sourceTree = "<group>";
		};
		9419952528B65174006B7033 /* Color */ = {
			isa = PBXGroup;
			children = (
				9419952228B64F73006B7033 /* Colors.swift */,
			);
			path = Color;
			sourceTree = "<group>";
		};
		9419952628B6517A006B7033 /* Images */ = {
			isa = PBXGroup;
			children = (
				94A668DE28B4DC6200D4B57E /* meal1.png */,
				94A668E028B4DC6900D4B57E /* meal2.png */,
				94A668E228B4DC6F00D4B57E /* meal3.png */,
			);
			path = Images;
			sourceTree = "<group>";
		};
		945ECB7B28AF8B18004605B1 /* Models */ = {
			isa = PBXGroup;
			children = (
				945ECB7C28AF8B3B004605B1 /* searchModel.swift */,
				94A668F528B4F64000D4B57E /* mealModel.swift */,
				94A668F728B4F64F00D4B57E /* musicModel.swift */,
				9419952028B63C17006B7033 /* MusicGenreModel.swift */,
			);
			path = Models;
			sourceTree = "<group>";
		};
		94A668E828B4EFCC00D4B57E /* Storyboard */ = {
			isa = PBXGroup;
			children = (
				94F9047028A8E1C400CF2643 /* Main.storyboard */,
				94F9049B28A8E20E00CF2643 /* CustomCell.xib */,
				945ECB8128AF9292004605B1 /* SearchResultCell.xib */,
				94A668E528B4E32400D4B57E /* HorizontalTableViewCell.xib */,
				9418790928B3B2A40021C524 /* HorizontalCollectionViewCell.xib */,
				94A668EE28B4F27600D4B57E /* VerticalTableViewCell.xib */,
				94A668F228B4F30E00D4B57E /* VerticalCollectionViewCell.xib */,
				9419951D28B63507006B7033 /* musicRankingCell.xib */,
			);
			path = Storyboard;
			sourceTree = "<group>";
		};
		94A668E928B4F10F00D4B57E /* View */ = {
			isa = PBXGroup;
			children = (
				94F9049A28A8E20E00CF2643 /* CustomCell.swift */,
				945ECB8028AF9292004605B1 /* SearchResultCell.swift */,
				94A668E428B4E32400D4B57E /* HorizontalTableViewCell.swift */,
				9418790828B3B2A40021C524 /* HorizontalCollectionViewCell.swift */,
				94A668ED28B4F27600D4B57E /* VerticalTableViewCell.swift */,
				94A668F128B4F30E00D4B57E /* VerticalCollectionViewCell.swift */,
				9419951C28B63507006B7033 /* musicRankingCell.swift */,
			);
			path = View;
			sourceTree = "<group>";
		};
		94A668EA28B4F14600D4B57E /* Controller */ = {
			isa = PBXGroup;
			children = (
				94F9046E28A8E1C400CF2643 /* ViewController.swift */,
				945ECB7928AF8AD8004605B1 /* SearchVC.swift */,
				947EB22328B3A5AF00E1BDA2 /* MusicViewController.swift */,
			);
			path = Controller;
			sourceTree = "<group>";
		};
		94A668EC28B4F18F00D4B57E /* Resources */ = {
			isa = PBXGroup;
			children = (
				9419952628B6517A006B7033 /* Images */,
				9419952528B65174006B7033 /* Color */,
				9419952428B6516B006B7033 /* Font */,
			);
			path = Resources;
			sourceTree = "<group>";
		};
		94F9045E28A8E1C400CF2643 = {
			isa = PBXGroup;
			children = (
				94F9046928A8E1C400CF2643 /* TableViewPrac */,
				94F9048028A8E1C500CF2643 /* TableViewPracTests */,
				94F9048A28A8E1C500CF2643 /* TableViewPracUITests */,
				94F9046828A8E1C400CF2643 /* Products */,
			);
			sourceTree = "<group>";
		};
		94F9046828A8E1C400CF2643 /* Products */ = {
			isa = PBXGroup;
			children = (
				94F9046728A8E1C400CF2643 /* TableViewPrac.app */,
				94F9047D28A8E1C500CF2643 /* TableViewPracTests.xctest */,
				94F9048728A8E1C500CF2643 /* TableViewPracUITests.xctest */,
			);
			name = Products;
			sourceTree = "<group>";
		};
		94F9046928A8E1C400CF2643 /* TableViewPrac */ = {
			isa = PBXGroup;
			children = (
				94F9046A28A8E1C400CF2643 /* AppDelegate.swift */,
				94F9046C28A8E1C400CF2643 /* SceneDelegate.swift */,
				94A668E828B4EFCC00D4B57E /* Storyboard */,
				945ECB7B28AF8B18004605B1 /* Models */,
				94A668E928B4F10F00D4B57E /* View */,
				94A668EA28B4F14600D4B57E /* Controller */,
				94F9047328A8E1C500CF2643 /* Assets.xcassets */,
				94A668EC28B4F18F00D4B57E /* Resources */,
				94F9047528A8E1C500CF2643 /* LaunchScreen.storyboard */,
				94F9047828A8E1C500CF2643 /* Info.plist */,
			);
			path = TableViewPrac;
			sourceTree = "<group>";
		};
		94F9048028A8E1C500CF2643 /* TableViewPracTests */ = {
			isa = PBXGroup;
			children = (
				94F9048128A8E1C500CF2643 /* TableViewPracTests.swift */,
			);
			path = TableViewPracTests;
			sourceTree = "<group>";
		};
		94F9048A28A8E1C500CF2643 /* TableViewPracUITests */ = {
			isa = PBXGroup;
			children = (
				94F9048B28A8E1C500CF2643 /* TableViewPracUITests.swift */,
				94F9048D28A8E1C500CF2643 /* TableViewPracUITestsLaunchTests.swift */,
			);
			path = TableViewPracUITests;
			sourceTree = "<group>";
		};
/* End PBXGroup section */

/* Begin PBXNativeTarget section */
		94F9046628A8E1C400CF2643 /* TableViewPrac */ = {
			isa = PBXNativeTarget;
			buildConfigurationList = 94F9049128A8E1C500CF2643 /* Build configuration list for PBXNativeTarget "TableViewPrac" */;
			buildPhases = (
				94F9046328A8E1C400CF2643 /* Sources */,
				94F9046428A8E1C400CF2643 /* Frameworks */,
				94F9046528A8E1C400CF2643 /* Resources */,
			);
			buildRules = (
			);
			dependencies = (
			);
			name = TableViewPrac;
			productName = TableViewPrac;
			productReference = 94F9046728A8E1C400CF2643 /* TableViewPrac.app */;
			productType = "com.apple.product-type.application";
		};
		94F9047C28A8E1C500CF2643 /* TableViewPracTests */ = {
			isa = PBXNativeTarget;
			buildConfigurationList = 94F9049428A8E1C500CF2643 /* Build configuration list for PBXNativeTarget "TableViewPracTests" */;
			buildPhases = (
				94F9047928A8E1C500CF2643 /* Sources */,
				94F9047A28A8E1C500CF2643 /* Frameworks */,
				94F9047B28A8E1C500CF2643 /* Resources */,
			);
			buildRules = (
			);
			dependencies = (
				94F9047F28A8E1C500CF2643 /* PBXTargetDependency */,
			);
			name = TableViewPracTests;
			productName = TableViewPracTests;
			productReference = 94F9047D28A8E1C500CF2643 /* TableViewPracTests.xctest */;
			productType = "com.apple.product-type.bundle.unit-test";
		};
		94F9048628A8E1C500CF2643 /* TableViewPracUITests */ = {
			isa = PBXNativeTarget;
			buildConfigurationList = 94F9049728A8E1C500CF2643 /* Build configuration list for PBXNativeTarget "TableViewPracUITests" */;
			buildPhases = (
				94F9048328A8E1C500CF2643 /* Sources */,
				94F9048428A8E1C500CF2643 /* Frameworks */,
				94F9048528A8E1C500CF2643 /* Resources */,
			);
			buildRules = (
			);
			dependencies = (
				94F9048928A8E1C500CF2643 /* PBXTargetDependency */,
			);
			name = TableViewPracUITests;
			productName = TableViewPracUITests;
			productReference = 94F9048728A8E1C500CF2643 /* TableViewPracUITests.xctest */;
			productType = "com.apple.product-type.bundle.ui-testing";
		};
/* End PBXNativeTarget section */

/* Begin PBXProject section */
		94F9045F28A8E1C400CF2643 /* Project object */ = {
			isa = PBXProject;
			attributes = {
				BuildIndependentTargetsInParallel = 1;
				LastSwiftUpdateCheck = 1340;
				LastUpgradeCheck = 1340;
				TargetAttributes = {
					94F9046628A8E1C400CF2643 = {
						CreatedOnToolsVersion = 13.4.1;
					};
					94F9047C28A8E1C500CF2643 = {
						CreatedOnToolsVersion = 13.4.1;
						TestTargetID = 94F9046628A8E1C400CF2643;
					};
					94F9048628A8E1C500CF2643 = {
						CreatedOnToolsVersion = 13.4.1;
						TestTargetID = 94F9046628A8E1C400CF2643;
					};
				};
			};
			buildConfigurationList = 94F9046228A8E1C400CF2643 /* Build configuration list for PBXProject "TableViewPrac" */;
			compatibilityVersion = "Xcode 13.0";
			developmentRegion = en;
			hasScannedForEncodings = 0;
			knownRegions = (
				en,
				Base,
			);
			mainGroup = 94F9045E28A8E1C400CF2643;
			productRefGroup = 94F9046828A8E1C400CF2643 /* Products */;
			projectDirPath = "";
			projectRoot = "";
			targets = (
				94F9046628A8E1C400CF2643 /* TableViewPrac */,
				94F9047C28A8E1C500CF2643 /* TableViewPracTests */,
				94F9048628A8E1C500CF2643 /* TableViewPracUITests */,
			);
		};
/* End PBXProject section */

/* Begin PBXResourcesBuildPhase section */
		94F9046528A8E1C400CF2643 /* Resources */ = {
			isa = PBXResourcesBuildPhase;
			buildActionMask = 2147483647;
			files = (
				94A668E128B4DC6900D4B57E /* meal2.png in Resources */,
				94F9047728A8E1C500CF2643 /* LaunchScreen.storyboard in Resources */,
				94A668E328B4DC6F00D4B57E /* meal3.png in Resources */,
				945ECB8328AF9292004605B1 /* SearchResultCell.xib in Resources */,
				9419951F28B63507006B7033 /* musicRankingCell.xib in Resources */,
				94A668E728B4E32400D4B57E /* HorizontalTableViewCell.xib in Resources */,
				94F9047428A8E1C500CF2643 /* Assets.xcassets in Resources */,
				9418790B28B3B2A40021C524 /* HorizontalCollectionViewCell.xib in Resources */,
				94A668F028B4F27600D4B57E /* VerticalTableViewCell.xib in Resources */,
				94A668F428B4F30E00D4B57E /* VerticalCollectionViewCell.xib in Resources */,
				94A668DF28B4DC6200D4B57E /* meal1.png in Resources */,
				9419952828B6523A006B7033 /* BMJUA_otf.otf in Resources */,
				94F9049D28A8E20E00CF2643 /* CustomCell.xib in Resources */,
				94F9047228A8E1C400CF2643 /* Main.storyboard in Resources */,
			);
			runOnlyForDeploymentPostprocessing = 0;
		};
		94F9047B28A8E1C500CF2643 /* Resources */ = {
			isa = PBXResourcesBuildPhase;
			buildActionMask = 2147483647;
			files = (
			);
			runOnlyForDeploymentPostprocessing = 0;
		};
		94F9048528A8E1C500CF2643 /* Resources */ = {
			isa = PBXResourcesBuildPhase;
			buildActionMask = 2147483647;
			files = (
			);
			runOnlyForDeploymentPostprocessing = 0;
		};
/* End PBXResourcesBuildPhase section */

/* Begin PBXSourcesBuildPhase section */
		94F9046328A8E1C400CF2643 /* Sources */ = {
			isa = PBXSourcesBuildPhase;
			buildActionMask = 2147483647;
			files = (
				9418790A28B3B2A40021C524 /* HorizontalCollectionViewCell.swift in Sources */,
				945ECB8228AF9292004605B1 /* SearchResultCell.swift in Sources */,
				94F9046F28A8E1C400CF2643 /* ViewController.swift in Sources */,
				9419952328B64F73006B7033 /* Colors.swift in Sources */,
				9419952128B63C17006B7033 /* MusicGenreModel.swift in Sources */,
				945ECB7D28AF8B3B004605B1 /* searchModel.swift in Sources */,
				94A668F328B4F30E00D4B57E /* VerticalCollectionViewCell.swift in Sources */,
				94A668F828B4F64F00D4B57E /* musicModel.swift in Sources */,
				9419951E28B63507006B7033 /* musicRankingCell.swift in Sources */,
				945ECB7A28AF8AD8004605B1 /* SearchVC.swift in Sources */,
				947EB22428B3A5AF00E1BDA2 /* MusicViewController.swift in Sources */,
				94F9046B28A8E1C400CF2643 /* AppDelegate.swift in Sources */,
				94F9049C28A8E20E00CF2643 /* CustomCell.swift in Sources */,
				94F9046D28A8E1C400CF2643 /* SceneDelegate.swift in Sources */,
				94A668E628B4E32400D4B57E /* HorizontalTableViewCell.swift in Sources */,
				94A668F628B4F64000D4B57E /* mealModel.swift in Sources */,
				9419952A28B6526B006B7033 /* fonts.swift in Sources */,
				94A668EF28B4F27600D4B57E /* VerticalTableViewCell.swift in Sources */,
			);
			runOnlyForDeploymentPostprocessing = 0;
		};
		94F9047928A8E1C500CF2643 /* Sources */ = {
			isa = PBXSourcesBuildPhase;
			buildActionMask = 2147483647;
			files = (
				94F9048228A8E1C500CF2643 /* TableViewPracTests.swift in Sources */,
			);
			runOnlyForDeploymentPostprocessing = 0;
		};
		94F9048328A8E1C500CF2643 /* Sources */ = {
			isa = PBXSourcesBuildPhase;
			buildActionMask = 2147483647;
			files = (
				94F9048E28A8E1C500CF2643 /* TableViewPracUITestsLaunchTests.swift in Sources */,
				94F9048C28A8E1C500CF2643 /* TableViewPracUITests.swift in Sources */,
			);
			runOnlyForDeploymentPostprocessing = 0;
		};
/* End PBXSourcesBuildPhase section */

/* Begin PBXTargetDependency section */
		94F9047F28A8E1C500CF2643 /* PBXTargetDependency */ = {
			isa = PBXTargetDependency;
			target = 94F9046628A8E1C400CF2643 /* TableViewPrac */;
			targetProxy = 94F9047E28A8E1C500CF2643 /* PBXContainerItemProxy */;
		};
		94F9048928A8E1C500CF2643 /* PBXTargetDependency */ = {
			isa = PBXTargetDependency;
			target = 94F9046628A8E1C400CF2643 /* TableViewPrac */;
			targetProxy = 94F9048828A8E1C500CF2643 /* PBXContainerItemProxy */;
		};
/* End PBXTargetDependency section */

/* Begin PBXVariantGroup section */
		94F9047028A8E1C400CF2643 /* Main.storyboard */ = {
			isa = PBXVariantGroup;
			children = (
				94F9047128A8E1C400CF2643 /* Base */,
			);
			name = Main.storyboard;
			sourceTree = "<group>";
		};
		94F9047528A8E1C500CF2643 /* LaunchScreen.storyboard */ = {
			isa = PBXVariantGroup;
			children = (
				94F9047628A8E1C500CF2643 /* Base */,
			);
			name = LaunchScreen.storyboard;
			sourceTree = "<group>";
		};
/* End PBXVariantGroup section */

/* Begin XCBuildConfiguration section */
		94F9048F28A8E1C500CF2643 /* Debug */ = {
			isa = XCBuildConfiguration;
			buildSettings = {
				ALWAYS_SEARCH_USER_PATHS = NO;
				CLANG_ANALYZER_NONNULL = YES;
				CLANG_ANALYZER_NUMBER_OBJECT_CONVERSION = YES_AGGRESSIVE;
				CLANG_CXX_LANGUAGE_STANDARD = "gnu++17";
				CLANG_ENABLE_MODULES = YES;
				CLANG_ENABLE_OBJC_ARC = YES;
				CLANG_ENABLE_OBJC_WEAK = YES;
				CLANG_WARN_BLOCK_CAPTURE_AUTORELEASING = YES;
				CLANG_WARN_BOOL_CONVERSION = YES;
				CLANG_WARN_COMMA = YES;
				CLANG_WARN_CONSTANT_CONVERSION = YES;
				CLANG_WARN_DEPRECATED_OBJC_IMPLEMENTATIONS = YES;
				CLANG_WARN_DIRECT_OBJC_ISA_USAGE = YES_ERROR;
				CLANG_WARN_DOCUMENTATION_COMMENTS = YES;
				CLANG_WARN_EMPTY_BODY = YES;
				CLANG_WARN_ENUM_CONVERSION = YES;
				CLANG_WARN_INFINITE_RECURSION = YES;
				CLANG_WARN_INT_CONVERSION = YES;
				CLANG_WARN_NON_LITERAL_NULL_CONVERSION = YES;
				CLANG_WARN_OBJC_IMPLICIT_RETAIN_SELF = YES;
				CLANG_WARN_OBJC_LITERAL_CONVERSION = YES;
				CLANG_WARN_OBJC_ROOT_CLASS = YES_ERROR;
				CLANG_WARN_QUOTED_INCLUDE_IN_FRAMEWORK_HEADER = YES;
				CLANG_WARN_RANGE_LOOP_ANALYSIS = YES;
				CLANG_WARN_STRICT_PROTOTYPES = YES;
				CLANG_WARN_SUSPICIOUS_MOVE = YES;
				CLANG_WARN_UNGUARDED_AVAILABILITY = YES_AGGRESSIVE;
				CLANG_WARN_UNREACHABLE_CODE = YES;
				CLANG_WARN__DUPLICATE_METHOD_MATCH = YES;
				COPY_PHASE_STRIP = NO;
				DEBUG_INFORMATION_FORMAT = dwarf;
				ENABLE_STRICT_OBJC_MSGSEND = YES;
				ENABLE_TESTABILITY = YES;
				GCC_C_LANGUAGE_STANDARD = gnu11;
				GCC_DYNAMIC_NO_PIC = NO;
				GCC_NO_COMMON_BLOCKS = YES;
				GCC_OPTIMIZATION_LEVEL = 0;
				GCC_PREPROCESSOR_DEFINITIONS = (
					"DEBUG=1",
					"$(inherited)",
				);
				GCC_WARN_64_TO_32_BIT_CONVERSION = YES;
				GCC_WARN_ABOUT_RETURN_TYPE = YES_ERROR;
				GCC_WARN_UNDECLARED_SELECTOR = YES;
				GCC_WARN_UNINITIALIZED_AUTOS = YES_AGGRESSIVE;
				GCC_WARN_UNUSED_FUNCTION = YES;
				GCC_WARN_UNUSED_VARIABLE = YES;
				IPHONEOS_DEPLOYMENT_TARGET = 15.5;
				MTL_ENABLE_DEBUG_INFO = INCLUDE_SOURCE;
				MTL_FAST_MATH = YES;
				ONLY_ACTIVE_ARCH = YES;
				SDKROOT = iphoneos;
				SWIFT_ACTIVE_COMPILATION_CONDITIONS = DEBUG;
				SWIFT_OPTIMIZATION_LEVEL = "-Onone";
			};
			name = Debug;
		};
		94F9049028A8E1C500CF2643 /* Release */ = {
			isa = XCBuildConfiguration;
			buildSettings = {
				ALWAYS_SEARCH_USER_PATHS = NO;
				CLANG_ANALYZER_NONNULL = YES;
				CLANG_ANALYZER_NUMBER_OBJECT_CONVERSION = YES_AGGRESSIVE;
				CLANG_CXX_LANGUAGE_STANDARD = "gnu++17";
				CLANG_ENABLE_MODULES = YES;
				CLANG_ENABLE_OBJC_ARC = YES;
				CLANG_ENABLE_OBJC_WEAK = YES;
				CLANG_WARN_BLOCK_CAPTURE_AUTORELEASING = YES;
				CLANG_WARN_BOOL_CONVERSION = YES;
				CLANG_WARN_COMMA = YES;
				CLANG_WARN_CONSTANT_CONVERSION = YES;
				CLANG_WARN_DEPRECATED_OBJC_IMPLEMENTATIONS = YES;
				CLANG_WARN_DIRECT_OBJC_ISA_USAGE = YES_ERROR;
				CLANG_WARN_DOCUMENTATION_COMMENTS = YES;
				CLANG_WARN_EMPTY_BODY = YES;
				CLANG_WARN_ENUM_CONVERSION = YES;
				CLANG_WARN_INFINITE_RECURSION = YES;
				CLANG_WARN_INT_CONVERSION = YES;
				CLANG_WARN_NON_LITERAL_NULL_CONVERSION = YES;
				CLANG_WARN_OBJC_IMPLICIT_RETAIN_SELF = YES;
				CLANG_WARN_OBJC_LITERAL_CONVERSION = YES;
				CLANG_WARN_OBJC_ROOT_CLASS = YES_ERROR;
				CLANG_WARN_QUOTED_INCLUDE_IN_FRAMEWORK_HEADER = YES;
				CLANG_WARN_RANGE_LOOP_ANALYSIS = YES;
				CLANG_WARN_STRICT_PROTOTYPES = YES;
				CLANG_WARN_SUSPICIOUS_MOVE = YES;
				CLANG_WARN_UNGUARDED_AVAILABILITY = YES_AGGRESSIVE;
				CLANG_WARN_UNREACHABLE_CODE = YES;
				CLANG_WARN__DUPLICATE_METHOD_MATCH = YES;
				COPY_PHASE_STRIP = NO;
				DEBUG_INFORMATION_FORMAT = "dwarf-with-dsym";
				ENABLE_NS_ASSERTIONS = NO;
				ENABLE_STRICT_OBJC_MSGSEND = YES;
				GCC_C_LANGUAGE_STANDARD = gnu11;
				GCC_NO_COMMON_BLOCKS = YES;
				GCC_WARN_64_TO_32_BIT_CONVERSION = YES;
				GCC_WARN_ABOUT_RETURN_TYPE = YES_ERROR;
				GCC_WARN_UNDECLARED_SELECTOR = YES;
				GCC_WARN_UNINITIALIZED_AUTOS = YES_AGGRESSIVE;
				GCC_WARN_UNUSED_FUNCTION = YES;
				GCC_WARN_UNUSED_VARIABLE = YES;
				IPHONEOS_DEPLOYMENT_TARGET = 15.5;
				MTL_ENABLE_DEBUG_INFO = NO;
				MTL_FAST_MATH = YES;
				SDKROOT = iphoneos;
				SWIFT_COMPILATION_MODE = wholemodule;
				SWIFT_OPTIMIZATION_LEVEL = "-O";
				VALIDATE_PRODUCT = YES;
			};
			name = Release;
		};
		94F9049228A8E1C500CF2643 /* Debug */ = {
			isa = XCBuildConfiguration;
			buildSettings = {
				ASSETCATALOG_COMPILER_APPICON_NAME = AppIcon;
				ASSETCATALOG_COMPILER_GLOBAL_ACCENT_COLOR_NAME = AccentColor;
				CODE_SIGN_STYLE = Automatic;
				CURRENT_PROJECT_VERSION = 1;
				DEVELOPMENT_TEAM = UNTPRP3C66;
				GENERATE_INFOPLIST_FILE = YES;
				INFOPLIST_FILE = TableViewPrac/Info.plist;
				INFOPLIST_KEY_UIApplicationSupportsIndirectInputEvents = YES;
				INFOPLIST_KEY_UILaunchStoryboardName = LaunchScreen;
				INFOPLIST_KEY_UIMainStoryboardFile = Main;
				INFOPLIST_KEY_UISupportedInterfaceOrientations_iPad = "UIInterfaceOrientationPortrait UIInterfaceOrientationPortraitUpsideDown UIInterfaceOrientationLandscapeLeft UIInterfaceOrientationLandscapeRight";
				INFOPLIST_KEY_UISupportedInterfaceOrientations_iPhone = "UIInterfaceOrientationPortrait UIInterfaceOrientationLandscapeLeft UIInterfaceOrientationLandscapeRight";
				IPHONEOS_DEPLOYMENT_TARGET = 14.0;
				LD_RUNPATH_SEARCH_PATHS = (
					"$(inherited)",
					"@executable_path/Frameworks",
				);
				MARKETING_VERSION = 1.0;
				PRODUCT_BUNDLE_IDENTIFIER = kr.jp.kyulee.TableViewPrac;
				PRODUCT_NAME = "$(TARGET_NAME)";
				SWIFT_EMIT_LOC_STRINGS = YES;
				SWIFT_VERSION = 5.0;
				TARGETED_DEVICE_FAMILY = 1;
			};
			name = Debug;
		};
		94F9049328A8E1C500CF2643 /* Release */ = {
			isa = XCBuildConfiguration;
			buildSettings = {
				ASSETCATALOG_COMPILER_APPICON_NAME = AppIcon;
				ASSETCATALOG_COMPILER_GLOBAL_ACCENT_COLOR_NAME = AccentColor;
				CODE_SIGN_STYLE = Automatic;
				CURRENT_PROJECT_VERSION = 1;
				DEVELOPMENT_TEAM = UNTPRP3C66;
				GENERATE_INFOPLIST_FILE = YES;
				INFOPLIST_FILE = TableViewPrac/Info.plist;
				INFOPLIST_KEY_UIApplicationSupportsIndirectInputEvents = YES;
				INFOPLIST_KEY_UILaunchStoryboardName = LaunchScreen;
				INFOPLIST_KEY_UIMainStoryboardFile = Main;
				INFOPLIST_KEY_UISupportedInterfaceOrientations_iPad = "UIInterfaceOrientationPortrait UIInterfaceOrientationPortraitUpsideDown UIInterfaceOrientationLandscapeLeft UIInterfaceOrientationLandscapeRight";
				INFOPLIST_KEY_UISupportedInterfaceOrientations_iPhone = "UIInterfaceOrientationPortrait UIInterfaceOrientationLandscapeLeft UIInterfaceOrientationLandscapeRight";
				IPHONEOS_DEPLOYMENT_TARGET = 14.0;
				LD_RUNPATH_SEARCH_PATHS = (
					"$(inherited)",
					"@executable_path/Frameworks",
				);
				MARKETING_VERSION = 1.0;
				PRODUCT_BUNDLE_IDENTIFIER = kr.jp.kyulee.TableViewPrac;
				PRODUCT_NAME = "$(TARGET_NAME)";
				SWIFT_EMIT_LOC_STRINGS = YES;
				SWIFT_VERSION = 5.0;
				TARGETED_DEVICE_FAMILY = 1;
			};
			name = Release;
		};
		94F9049528A8E1C500CF2643 /* Debug */ = {
			isa = XCBuildConfiguration;
			buildSettings = {
				ALWAYS_EMBED_SWIFT_STANDARD_LIBRARIES = YES;
				BUNDLE_LOADER = "$(TEST_HOST)";
				CODE_SIGN_STYLE = Automatic;
				CURRENT_PROJECT_VERSION = 1;
				DEVELOPMENT_TEAM = UNTPRP3C66;
				GENERATE_INFOPLIST_FILE = YES;
				IPHONEOS_DEPLOYMENT_TARGET = 15.5;
				MARKETING_VERSION = 1.0;
				PRODUCT_BUNDLE_IDENTIFIER = kr.jp.kyulee.TableViewPracTests;
				PRODUCT_NAME = "$(TARGET_NAME)";
				SWIFT_EMIT_LOC_STRINGS = NO;
				SWIFT_VERSION = 5.0;
				TARGETED_DEVICE_FAMILY = "1,2";
				TEST_HOST = "$(BUILT_PRODUCTS_DIR)/TableViewPrac.app/TableViewPrac";
			};
			name = Debug;
		};
		94F9049628A8E1C500CF2643 /* Release */ = {
			isa = XCBuildConfiguration;
			buildSettings = {
				ALWAYS_EMBED_SWIFT_STANDARD_LIBRARIES = YES;
				BUNDLE_LOADER = "$(TEST_HOST)";
				CODE_SIGN_STYLE = Automatic;
				CURRENT_PROJECT_VERSION = 1;
				DEVELOPMENT_TEAM = UNTPRP3C66;
				GENERATE_INFOPLIST_FILE = YES;
				IPHONEOS_DEPLOYMENT_TARGET = 15.5;
				MARKETING_VERSION = 1.0;
				PRODUCT_BUNDLE_IDENTIFIER = kr.jp.kyulee.TableViewPracTests;
				PRODUCT_NAME = "$(TARGET_NAME)";
				SWIFT_EMIT_LOC_STRINGS = NO;
				SWIFT_VERSION = 5.0;
				TARGETED_DEVICE_FAMILY = "1,2";
				TEST_HOST = "$(BUILT_PRODUCTS_DIR)/TableViewPrac.app/TableViewPrac";
			};
			name = Release;
		};
		94F9049828A8E1C500CF2643 /* Debug */ = {
			isa = XCBuildConfiguration;
			buildSettings = {
				ALWAYS_EMBED_SWIFT_STANDARD_LIBRARIES = YES;
				CODE_SIGN_STYLE = Automatic;
				CURRENT_PROJECT_VERSION = 1;
				DEVELOPMENT_TEAM = UNTPRP3C66;
				GENERATE_INFOPLIST_FILE = YES;
				MARKETING_VERSION = 1.0;
				PRODUCT_BUNDLE_IDENTIFIER = kr.jp.kyulee.TableViewPracUITests;
				PRODUCT_NAME = "$(TARGET_NAME)";
				SWIFT_EMIT_LOC_STRINGS = NO;
				SWIFT_VERSION = 5.0;
				TARGETED_DEVICE_FAMILY = "1,2";
				TEST_TARGET_NAME = TableViewPrac;
			};
			name = Debug;
		};
		94F9049928A8E1C500CF2643 /* Release */ = {
			isa = XCBuildConfiguration;
			buildSettings = {
				ALWAYS_EMBED_SWIFT_STANDARD_LIBRARIES = YES;
				CODE_SIGN_STYLE = Automatic;
				CURRENT_PROJECT_VERSION = 1;
				DEVELOPMENT_TEAM = UNTPRP3C66;
				GENERATE_INFOPLIST_FILE = YES;
				MARKETING_VERSION = 1.0;
				PRODUCT_BUNDLE_IDENTIFIER = kr.jp.kyulee.TableViewPracUITests;
				PRODUCT_NAME = "$(TARGET_NAME)";
				SWIFT_EMIT_LOC_STRINGS = NO;
				SWIFT_VERSION = 5.0;
				TARGETED_DEVICE_FAMILY = "1,2";
				TEST_TARGET_NAME = TableViewPrac;
			};
			name = Release;
		};
/* End XCBuildConfiguration section */

/* Begin XCConfigurationList section */
		94F9046228A8E1C400CF2643 /* Build configuration list for PBXProject "TableViewPrac" */ = {
			isa = XCConfigurationList;
			buildConfigurations = (
				94F9048F28A8E1C500CF2643 /* Debug */,
				94F9049028A8E1C500CF2643 /* Release */,
			);
			defaultConfigurationIsVisible = 0;
			defaultConfigurationName = Release;
		};
		94F9049128A8E1C500CF2643 /* Build configuration list for PBXNativeTarget "TableViewPrac" */ = {
			isa = XCConfigurationList;
			buildConfigurations = (
				94F9049228A8E1C500CF2643 /* Debug */,
				94F9049328A8E1C500CF2643 /* Release */,
			);
			defaultConfigurationIsVisible = 0;
			defaultConfigurationName = Release;
		};
		94F9049428A8E1C500CF2643 /* Build configuration list for PBXNativeTarget "TableViewPracTests" */ = {
			isa = XCConfigurationList;
			buildConfigurations = (
				94F9049528A8E1C500CF2643 /* Debug */,
				94F9049628A8E1C500CF2643 /* Release */,
			);
			defaultConfigurationIsVisible = 0;
			defaultConfigurationName = Release;
		};
		94F9049728A8E1C500CF2643 /* Build configuration list for PBXNativeTarget "TableViewPracUITests" */ = {
			isa = XCConfigurationList;
			buildConfigurations = (
				94F9049828A8E1C500CF2643 /* Debug */,
				94F9049928A8E1C500CF2643 /* Release */,
			);
			defaultConfigurationIsVisible = 0;
			defaultConfigurationName = Release;
		};
/* End XCConfigurationList section */
	};
	rootObject = 94F9045F28A8E1C400CF2643 /* Project object */;
}
