// !$*UTF8*$!
{
	archiveVersion = 1;
	classes = {
	};
	objectVersion = 55;
	objects = {

/* Begin PBXBuildFile section */
		94CD2AB72859D9D20046D262 /* AppDelegate.swift in Sources */ = {isa = PBXBuildFile; fileRef = 94CD2AB62859D9D20046D262 /* AppDelegate.swift */; };
		94CD2AB92859D9D20046D262 /* SceneDelegate.swift in Sources */ = {isa = PBXBuildFile; fileRef = 94CD2AB82859D9D20046D262 /* SceneDelegate.swift */; };
		94CD2ABB2859D9D20046D262 /* ViewController.swift in Sources */ = {isa = PBXBuildFile; fileRef = 94CD2ABA2859D9D20046D262 /* ViewController.swift */; };
		94CD2ABE2859D9D20046D262 /* Main.storyboard in Resources */ = {isa = PBXBuildFile; fileRef = 94CD2ABC2859D9D20046D262 /* Main.storyboard */; };
		94CD2AC02859D9D30046D262 /* Assets.xcassets in Resources */ = {isa = PBXBuildFile; fileRef = 94CD2ABF2859D9D30046D262 /* Assets.xcassets */; };
		94CD2AC32859D9D30046D262 /* LaunchScreen.storyboard in Resources */ = {isa = PBXBuildFile; fileRef = 94CD2AC12859D9D30046D262 /* LaunchScreen.storyboard */; };
		94CD2ACE2859D9D30046D262 /* QueueExampleTests.swift in Sources */ = {isa = PBXBuildFile; fileRef = 94CD2ACD2859D9D30046D262 /* QueueExampleTests.swift */; };
		94CD2AD82859D9D30046D262 /* QueueExampleUITests.swift in Sources */ = {isa = PBXBuildFile; fileRef = 94CD2AD72859D9D30046D262 /* QueueExampleUITests.swift */; };
		94CD2ADA2859D9D30046D262 /* QueueExampleUITestsLaunchTests.swift in Sources */ = {isa = PBXBuildFile; fileRef = 94CD2AD92859D9D30046D262 /* QueueExampleUITestsLaunchTests.swift */; };
/* End PBXBuildFile section */

/* Begin PBXContainerItemProxy section */
		94CD2ACA2859D9D30046D262 /* PBXContainerItemProxy */ = {
			isa = PBXContainerItemProxy;
			containerPortal = 94CD2AAB2859D9D20046D262 /* Project object */;
			proxyType = 1;
			remoteGlobalIDString = 94CD2AB22859D9D20046D262;
			remoteInfo = QueueExample;
		};
		94CD2AD42859D9D30046D262 /* PBXContainerItemProxy */ = {
			isa = PBXContainerItemProxy;
			containerPortal = 94CD2AAB2859D9D20046D262 /* Project object */;
			proxyType = 1;
			remoteGlobalIDString = 94CD2AB22859D9D20046D262;
			remoteInfo = QueueExample;
		};
/* End PBXContainerItemProxy section */

/* Begin PBXFileReference section */
		94CD2AB32859D9D20046D262 /* QueueExample.app */ = {isa = PBXFileReference; explicitFileType = wrapper.application; includeInIndex = 0; path = QueueExample.app; sourceTree = BUILT_PRODUCTS_DIR; };
		94CD2AB62859D9D20046D262 /* AppDelegate.swift */ = {isa = PBXFileReference; lastKnownFileType = sourcecode.swift; path = AppDelegate.swift; sourceTree = "<group>"; };
		94CD2AB82859D9D20046D262 /* SceneDelegate.swift */ = {isa = PBXFileReference; lastKnownFileType = sourcecode.swift; path = SceneDelegate.swift; sourceTree = "<group>"; };
		94CD2ABA2859D9D20046D262 /* ViewController.swift */ = {isa = PBXFileReference; lastKnownFileType = sourcecode.swift; path = ViewController.swift; sourceTree = "<group>"; };
		94CD2ABD2859D9D20046D262 /* Base */ = {isa = PBXFileReference; lastKnownFileType = file.storyboard; name = Base; path = Base.lproj/Main.storyboard; sourceTree = "<group>"; };
		94CD2ABF2859D9D30046D262 /* Assets.xcassets */ = {isa = PBXFileReference; lastKnownFileType = folder.assetcatalog; path = Assets.xcassets; sourceTree = "<group>"; };
		94CD2AC22859D9D30046D262 /* Base */ = {isa = PBXFileReference; lastKnownFileType = file.storyboard; name = Base; path = Base.lproj/LaunchScreen.storyboard; sourceTree = "<group>"; };
		94CD2AC42859D9D30046D262 /* Info.plist */ = {isa = PBXFileReference; lastKnownFileType = text.plist.xml; path = Info.plist; sourceTree = "<group>"; };
		94CD2AC92859D9D30046D262 /* QueueExampleTests.xctest */ = {isa = PBXFileReference; explicitFileType = wrapper.cfbundle; includeInIndex = 0; path = QueueExampleTests.xctest; sourceTree = BUILT_PRODUCTS_DIR; };
		94CD2ACD2859D9D30046D262 /* QueueExampleTests.swift */ = {isa = PBXFileReference; lastKnownFileType = sourcecode.swift; path = QueueExampleTests.swift; sourceTree = "<group>"; };
		94CD2AD32859D9D30046D262 /* QueueExampleUITests.xctest */ = {isa = PBXFileReference; explicitFileType = wrapper.cfbundle; includeInIndex = 0; path = QueueExampleUITests.xctest; sourceTree = BUILT_PRODUCTS_DIR; };
		94CD2AD72859D9D30046D262 /* QueueExampleUITests.swift */ = {isa = PBXFileReference; lastKnownFileType = sourcecode.swift; path = QueueExampleUITests.swift; sourceTree = "<group>"; };
		94CD2AD92859D9D30046D262 /* QueueExampleUITestsLaunchTests.swift */ = {isa = PBXFileReference; lastKnownFileType = sourcecode.swift; path = QueueExampleUITestsLaunchTests.swift; sourceTree = "<group>"; };
/* End PBXFileReference section */

/* Begin PBXFrameworksBuildPhase section */
		94CD2AB02859D9D20046D262 /* Frameworks */ = {
			isa = PBXFrameworksBuildPhase;
			buildActionMask = 2147483647;
			files = (
			);
			runOnlyForDeploymentPostprocessing = 0;
		};
		94CD2AC62859D9D30046D262 /* Frameworks */ = {
			isa = PBXFrameworksBuildPhase;
			buildActionMask = 2147483647;
			files = (
			);
			runOnlyForDeploymentPostprocessing = 0;
		};
		94CD2AD02859D9D30046D262 /* Frameworks */ = {
			isa = PBXFrameworksBuildPhase;
			buildActionMask = 2147483647;
			files = (
			);
			runOnlyForDeploymentPostprocessing = 0;
		};
/* End PBXFrameworksBuildPhase section */

/* Begin PBXGroup section */
		94CD2AAA2859D9D20046D262 = {
			isa = PBXGroup;
			children = (
				94CD2AB52859D9D20046D262 /* QueueExample */,
				94CD2ACC2859D9D30046D262 /* QueueExampleTests */,
				94CD2AD62859D9D30046D262 /* QueueExampleUITests */,
				94CD2AB42859D9D20046D262 /* Products */,
			);
			sourceTree = "<group>";
		};
		94CD2AB42859D9D20046D262 /* Products */ = {
			isa = PBXGroup;
			children = (
				94CD2AB32859D9D20046D262 /* QueueExample.app */,
				94CD2AC92859D9D30046D262 /* QueueExampleTests.xctest */,
				94CD2AD32859D9D30046D262 /* QueueExampleUITests.xctest */,
			);
			name = Products;
			sourceTree = "<group>";
		};
		94CD2AB52859D9D20046D262 /* QueueExample */ = {
			isa = PBXGroup;
			children = (
				94CD2AB62859D9D20046D262 /* AppDelegate.swift */,
				94CD2AB82859D9D20046D262 /* SceneDelegate.swift */,
				94CD2ABA2859D9D20046D262 /* ViewController.swift */,
				94CD2ABC2859D9D20046D262 /* Main.storyboard */,
				94CD2ABF2859D9D30046D262 /* Assets.xcassets */,
				94CD2AC12859D9D30046D262 /* LaunchScreen.storyboard */,
				94CD2AC42859D9D30046D262 /* Info.plist */,
			);
			path = QueueExample;
			sourceTree = "<group>";
		};
		94CD2ACC2859D9D30046D262 /* QueueExampleTests */ = {
			isa = PBXGroup;
			children = (
				94CD2ACD2859D9D30046D262 /* QueueExampleTests.swift */,
			);
			path = QueueExampleTests;
			sourceTree = "<group>";
		};
		94CD2AD62859D9D30046D262 /* QueueExampleUITests */ = {
			isa = PBXGroup;
			children = (
				94CD2AD72859D9D30046D262 /* QueueExampleUITests.swift */,
				94CD2AD92859D9D30046D262 /* QueueExampleUITestsLaunchTests.swift */,
			);
			path = QueueExampleUITests;
			sourceTree = "<group>";
		};
/* End PBXGroup section */

/* Begin PBXNativeTarget section */
		94CD2AB22859D9D20046D262 /* QueueExample */ = {
			isa = PBXNativeTarget;
			buildConfigurationList = 94CD2ADD2859D9D30046D262 /* Build configuration list for PBXNativeTarget "QueueExample" */;
			buildPhases = (
				94CD2AAF2859D9D20046D262 /* Sources */,
				94CD2AB02859D9D20046D262 /* Frameworks */,
				94CD2AB12859D9D20046D262 /* Resources */,
			);
			buildRules = (
			);
			dependencies = (
			);
			name = QueueExample;
			productName = QueueExample;
			productReference = 94CD2AB32859D9D20046D262 /* QueueExample.app */;
			productType = "com.apple.product-type.application";
		};
		94CD2AC82859D9D30046D262 /* QueueExampleTests */ = {
			isa = PBXNativeTarget;
			buildConfigurationList = 94CD2AE02859D9D30046D262 /* Build configuration list for PBXNativeTarget "QueueExampleTests" */;
			buildPhases = (
				94CD2AC52859D9D30046D262 /* Sources */,
				94CD2AC62859D9D30046D262 /* Frameworks */,
				94CD2AC72859D9D30046D262 /* Resources */,
			);
			buildRules = (
			);
			dependencies = (
				94CD2ACB2859D9D30046D262 /* PBXTargetDependency */,
			);
			name = QueueExampleTests;
			productName = QueueExampleTests;
			productReference = 94CD2AC92859D9D30046D262 /* QueueExampleTests.xctest */;
			productType = "com.apple.product-type.bundle.unit-test";
		};
		94CD2AD22859D9D30046D262 /* QueueExampleUITests */ = {
			isa = PBXNativeTarget;
			buildConfigurationList = 94CD2AE32859D9D30046D262 /* Build configuration list for PBXNativeTarget "QueueExampleUITests" */;
			buildPhases = (
				94CD2ACF2859D9D30046D262 /* Sources */,
				94CD2AD02859D9D30046D262 /* Frameworks */,
				94CD2AD12859D9D30046D262 /* Resources */,
			);
			buildRules = (
			);
			dependencies = (
				94CD2AD52859D9D30046D262 /* PBXTargetDependency */,
			);
			name = QueueExampleUITests;
			productName = QueueExampleUITests;
			productReference = 94CD2AD32859D9D30046D262 /* QueueExampleUITests.xctest */;
			productType = "com.apple.product-type.bundle.ui-testing";
		};
/* End PBXNativeTarget section */

/* Begin PBXProject section */
		94CD2AAB2859D9D20046D262 /* Project object */ = {
			isa = PBXProject;
			attributes = {
				BuildIndependentTargetsInParallel = 1;
				LastSwiftUpdateCheck = 1340;
				LastUpgradeCheck = 1340;
				TargetAttributes = {
					94CD2AB22859D9D20046D262 = {
						CreatedOnToolsVersion = 13.4.1;
					};
					94CD2AC82859D9D30046D262 = {
						CreatedOnToolsVersion = 13.4.1;
						TestTargetID = 94CD2AB22859D9D20046D262;
					};
					94CD2AD22859D9D30046D262 = {
						CreatedOnToolsVersion = 13.4.1;
						TestTargetID = 94CD2AB22859D9D20046D262;
					};
				};
			};
			buildConfigurationList = 94CD2AAE2859D9D20046D262 /* Build configuration list for PBXProject "QueueExample" */;
			compatibilityVersion = "Xcode 13.0";
			developmentRegion = en;
			hasScannedForEncodings = 0;
			knownRegions = (
				en,
				Base,
			);
			mainGroup = 94CD2AAA2859D9D20046D262;
			productRefGroup = 94CD2AB42859D9D20046D262 /* Products */;
			projectDirPath = "";
			projectRoot = "";
			targets = (
				94CD2AB22859D9D20046D262 /* QueueExample */,
				94CD2AC82859D9D30046D262 /* QueueExampleTests */,
				94CD2AD22859D9D30046D262 /* QueueExampleUITests */,
			);
		};
/* End PBXProject section */

/* Begin PBXResourcesBuildPhase section */
		94CD2AB12859D9D20046D262 /* Resources */ = {
			isa = PBXResourcesBuildPhase;
			buildActionMask = 2147483647;
			files = (
				94CD2AC32859D9D30046D262 /* LaunchScreen.storyboard in Resources */,
				94CD2AC02859D9D30046D262 /* Assets.xcassets in Resources */,
				94CD2ABE2859D9D20046D262 /* Main.storyboard in Resources */,
			);
			runOnlyForDeploymentPostprocessing = 0;
		};
		94CD2AC72859D9D30046D262 /* Resources */ = {
			isa = PBXResourcesBuildPhase;
			buildActionMask = 2147483647;
			files = (
			);
			runOnlyForDeploymentPostprocessing = 0;
		};
		94CD2AD12859D9D30046D262 /* Resources */ = {
			isa = PBXResourcesBuildPhase;
			buildActionMask = 2147483647;
			files = (
			);
			runOnlyForDeploymentPostprocessing = 0;
		};
/* End PBXResourcesBuildPhase section */

/* Begin PBXSourcesBuildPhase section */
		94CD2AAF2859D9D20046D262 /* Sources */ = {
			isa = PBXSourcesBuildPhase;
			buildActionMask = 2147483647;
			files = (
				94CD2ABB2859D9D20046D262 /* ViewController.swift in Sources */,
				94CD2AB72859D9D20046D262 /* AppDelegate.swift in Sources */,
				94CD2AB92859D9D20046D262 /* SceneDelegate.swift in Sources */,
			);
			runOnlyForDeploymentPostprocessing = 0;
		};
		94CD2AC52859D9D30046D262 /* Sources */ = {
			isa = PBXSourcesBuildPhase;
			buildActionMask = 2147483647;
			files = (
				94CD2ACE2859D9D30046D262 /* QueueExampleTests.swift in Sources */,
			);
			runOnlyForDeploymentPostprocessing = 0;
		};
		94CD2ACF2859D9D30046D262 /* Sources */ = {
			isa = PBXSourcesBuildPhase;
			buildActionMask = 2147483647;
			files = (
				94CD2AD82859D9D30046D262 /* QueueExampleUITests.swift in Sources */,
				94CD2ADA2859D9D30046D262 /* QueueExampleUITestsLaunchTests.swift in Sources */,
			);
			runOnlyForDeploymentPostprocessing = 0;
		};
/* End PBXSourcesBuildPhase section */

/* Begin PBXTargetDependency section */
		94CD2ACB2859D9D30046D262 /* PBXTargetDependency */ = {
			isa = PBXTargetDependency;
			target = 94CD2AB22859D9D20046D262 /* QueueExample */;
			targetProxy = 94CD2ACA2859D9D30046D262 /* PBXContainerItemProxy */;
		};
		94CD2AD52859D9D30046D262 /* PBXTargetDependency */ = {
			isa = PBXTargetDependency;
			target = 94CD2AB22859D9D20046D262 /* QueueExample */;
			targetProxy = 94CD2AD42859D9D30046D262 /* PBXContainerItemProxy */;
		};
/* End PBXTargetDependency section */

/* Begin PBXVariantGroup section */
		94CD2ABC2859D9D20046D262 /* Main.storyboard */ = {
			isa = PBXVariantGroup;
			children = (
				94CD2ABD2859D9D20046D262 /* Base */,
			);
			name = Main.storyboard;
			sourceTree = "<group>";
		};
		94CD2AC12859D9D30046D262 /* LaunchScreen.storyboard */ = {
			isa = PBXVariantGroup;
			children = (
				94CD2AC22859D9D30046D262 /* Base */,
			);
			name = LaunchScreen.storyboard;
			sourceTree = "<group>";
		};
/* End PBXVariantGroup section */

/* Begin XCBuildConfiguration section */
		94CD2ADB2859D9D30046D262 /* Debug */ = {
			isa = XCBuildConfiguration;
			buildSettings = {
				ALWAYS_SEARCH_USER_PATHS = NO;
				CLANG_ANALYZER_NONNULL = YES;
				CLANG_ANALYZER_NUMBER_OBJECT_CONVERSION = YES_AGGRESSIVE;
				CLANG_CXX_LANGUAGE_STANDARD = "gnu++17";
				CLANG_ENABLE_MODULES = YES;
				CLANG_ENABLE_OBJC_ARC = YES;
				CLANG_ENABLE_OBJC_WEAK = YES;
				CLANG_WARN_BLOCK_CAPTURE_AUTORELEASING = YES;
				CLANG_WARN_BOOL_CONVERSION = YES;
				CLANG_WARN_COMMA = YES;
				CLANG_WARN_CONSTANT_CONVERSION = YES;
				CLANG_WARN_DEPRECATED_OBJC_IMPLEMENTATIONS = YES;
				CLANG_WARN_DIRECT_OBJC_ISA_USAGE = YES_ERROR;
				CLANG_WARN_DOCUMENTATION_COMMENTS = YES;
				CLANG_WARN_EMPTY_BODY = YES;
				CLANG_WARN_ENUM_CONVERSION = YES;
				CLANG_WARN_INFINITE_RECURSION = YES;
				CLANG_WARN_INT_CONVERSION = YES;
				CLANG_WARN_NON_LITERAL_NULL_CONVERSION = YES;
				CLANG_WARN_OBJC_IMPLICIT_RETAIN_SELF = YES;
				CLANG_WARN_OBJC_LITERAL_CONVERSION = YES;
				CLANG_WARN_OBJC_ROOT_CLASS = YES_ERROR;
				CLANG_WARN_QUOTED_INCLUDE_IN_FRAMEWORK_HEADER = YES;
				CLANG_WARN_RANGE_LOOP_ANALYSIS = YES;
				CLANG_WARN_STRICT_PROTOTYPES = YES;
				CLANG_WARN_SUSPICIOUS_MOVE = YES;
				CLANG_WARN_UNGUARDED_AVAILABILITY = YES_AGGRESSIVE;
				CLANG_WARN_UNREACHABLE_CODE = YES;
				CLANG_WARN__DUPLICATE_METHOD_MATCH = YES;
				COPY_PHASE_STRIP = NO;
				DEBUG_INFORMATION_FORMAT = dwarf;
				ENABLE_STRICT_OBJC_MSGSEND = YES;
				ENABLE_TESTABILITY = YES;
				GCC_C_LANGUAGE_STANDARD = gnu11;
				GCC_DYNAMIC_NO_PIC = NO;
				GCC_NO_COMMON_BLOCKS = YES;
				GCC_OPTIMIZATION_LEVEL = 0;
				GCC_PREPROCESSOR_DEFINITIONS = (
					"DEBUG=1",
					"$(inherited)",
				);
				GCC_WARN_64_TO_32_BIT_CONVERSION = YES;
				GCC_WARN_ABOUT_RETURN_TYPE = YES_ERROR;
				GCC_WARN_UNDECLARED_SELECTOR = YES;
				GCC_WARN_UNINITIALIZED_AUTOS = YES_AGGRESSIVE;
				GCC_WARN_UNUSED_FUNCTION = YES;
				GCC_WARN_UNUSED_VARIABLE = YES;
				IPHONEOS_DEPLOYMENT_TARGET = 15.5;
				MTL_ENABLE_DEBUG_INFO = INCLUDE_SOURCE;
				MTL_FAST_MATH = YES;
				ONLY_ACTIVE_ARCH = YES;
				SDKROOT = iphoneos;
				SWIFT_ACTIVE_COMPILATION_CONDITIONS = DEBUG;
				SWIFT_OPTIMIZATION_LEVEL = "-Onone";
			};
			name = Debug;
		};
		94CD2ADC2859D9D30046D262 /* Release */ = {
			isa = XCBuildConfiguration;
			buildSettings = {
				ALWAYS_SEARCH_USER_PATHS = NO;
				CLANG_ANALYZER_NONNULL = YES;
				CLANG_ANALYZER_NUMBER_OBJECT_CONVERSION = YES_AGGRESSIVE;
				CLANG_CXX_LANGUAGE_STANDARD = "gnu++17";
				CLANG_ENABLE_MODULES = YES;
				CLANG_ENABLE_OBJC_ARC = YES;
				CLANG_ENABLE_OBJC_WEAK = YES;
				CLANG_WARN_BLOCK_CAPTURE_AUTORELEASING = YES;
				CLANG_WARN_BOOL_CONVERSION = YES;
				CLANG_WARN_COMMA = YES;
				CLANG_WARN_CONSTANT_CONVERSION = YES;
				CLANG_WARN_DEPRECATED_OBJC_IMPLEMENTATIONS = YES;
				CLANG_WARN_DIRECT_OBJC_ISA_USAGE = YES_ERROR;
				CLANG_WARN_DOCUMENTATION_COMMENTS = YES;
				CLANG_WARN_EMPTY_BODY = YES;
				CLANG_WARN_ENUM_CONVERSION = YES;
				CLANG_WARN_INFINITE_RECURSION = YES;
				CLANG_WARN_INT_CONVERSION = YES;
				CLANG_WARN_NON_LITERAL_NULL_CONVERSION = YES;
				CLANG_WARN_OBJC_IMPLICIT_RETAIN_SELF = YES;
				CLANG_WARN_OBJC_LITERAL_CONVERSION = YES;
				CLANG_WARN_OBJC_ROOT_CLASS = YES_ERROR;
				CLANG_WARN_QUOTED_INCLUDE_IN_FRAMEWORK_HEADER = YES;
				CLANG_WARN_RANGE_LOOP_ANALYSIS = YES;
				CLANG_WARN_STRICT_PROTOTYPES = YES;
				CLANG_WARN_SUSPICIOUS_MOVE = YES;
				CLANG_WARN_UNGUARDED_AVAILABILITY = YES_AGGRESSIVE;
				CLANG_WARN_UNREACHABLE_CODE = YES;
				CLANG_WARN__DUPLICATE_METHOD_MATCH = YES;
				COPY_PHASE_STRIP = NO;
				DEBUG_INFORMATION_FORMAT = "dwarf-with-dsym";
				ENABLE_NS_ASSERTIONS = NO;
				ENABLE_STRICT_OBJC_MSGSEND = YES;
				GCC_C_LANGUAGE_STANDARD = gnu11;
				GCC_NO_COMMON_BLOCKS = YES;
				GCC_WARN_64_TO_32_BIT_CONVERSION = YES;
				GCC_WARN_ABOUT_RETURN_TYPE = YES_ERROR;
				GCC_WARN_UNDECLARED_SELECTOR = YES;
				GCC_WARN_UNINITIALIZED_AUTOS = YES_AGGRESSIVE;
				GCC_WARN_UNUSED_FUNCTION = YES;
				GCC_WARN_UNUSED_VARIABLE = YES;
				IPHONEOS_DEPLOYMENT_TARGET = 15.5;
				MTL_ENABLE_DEBUG_INFO = NO;
				MTL_FAST_MATH = YES;
				SDKROOT = iphoneos;
				SWIFT_COMPILATION_MODE = wholemodule;
				SWIFT_OPTIMIZATION_LEVEL = "-O";
				VALIDATE_PRODUCT = YES;
			};
			name = Release;
		};
		94CD2ADE2859D9D30046D262 /* Debug */ = {
			isa = XCBuildConfiguration;
			buildSettings = {
				ASSETCATALOG_COMPILER_APPICON_NAME = AppIcon;
				ASSETCATALOG_COMPILER_GLOBAL_ACCENT_COLOR_NAME = AccentColor;
				CODE_SIGN_STYLE = Automatic;
				CURRENT_PROJECT_VERSION = 1;
				DEVELOPMENT_TEAM = UNTPRP3C66;
				GENERATE_INFOPLIST_FILE = YES;
				INFOPLIST_FILE = QueueExample/Info.plist;
				INFOPLIST_KEY_UIApplicationSupportsIndirectInputEvents = YES;
				INFOPLIST_KEY_UILaunchStoryboardName = LaunchScreen;
				INFOPLIST_KEY_UIMainStoryboardFile = Main;
				INFOPLIST_KEY_UISupportedInterfaceOrientations_iPad = "UIInterfaceOrientationPortrait UIInterfaceOrientationPortraitUpsideDown UIInterfaceOrientationLandscapeLeft UIInterfaceOrientationLandscapeRight";
				INFOPLIST_KEY_UISupportedInterfaceOrientations_iPhone = "UIInterfaceOrientationPortrait UIInterfaceOrientationLandscapeLeft UIInterfaceOrientationLandscapeRight";
				IPHONEOS_DEPLOYMENT_TARGET = 13.2;
				LD_RUNPATH_SEARCH_PATHS = (
					"$(inherited)",
					"@executable_path/Frameworks",
				);
				MARKETING_VERSION = 1.0;
				PRODUCT_BUNDLE_IDENTIFIER = kr.jp.kyulee.QueueExample;
				PRODUCT_NAME = "$(TARGET_NAME)";
				SWIFT_EMIT_LOC_STRINGS = YES;
				SWIFT_VERSION = 5.0;
				TARGETED_DEVICE_FAMILY = "1,2";
			};
			name = Debug;
		};
		94CD2ADF2859D9D30046D262 /* Release */ = {
			isa = XCBuildConfiguration;
			buildSettings = {
				ASSETCATALOG_COMPILER_APPICON_NAME = AppIcon;
				ASSETCATALOG_COMPILER_GLOBAL_ACCENT_COLOR_NAME = AccentColor;
				CODE_SIGN_STYLE = Automatic;
				CURRENT_PROJECT_VERSION = 1;
				DEVELOPMENT_TEAM = UNTPRP3C66;
				GENERATE_INFOPLIST_FILE = YES;
				INFOPLIST_FILE = QueueExample/Info.plist;
				INFOPLIST_KEY_UIApplicationSupportsIndirectInputEvents = YES;
				INFOPLIST_KEY_UILaunchStoryboardName = LaunchScreen;
				INFOPLIST_KEY_UIMainStoryboardFile = Main;
				INFOPLIST_KEY_UISupportedInterfaceOrientations_iPad = "UIInterfaceOrientationPortrait UIInterfaceOrientationPortraitUpsideDown UIInterfaceOrientationLandscapeLeft UIInterfaceOrientationLandscapeRight";
				INFOPLIST_KEY_UISupportedInterfaceOrientations_iPhone = "UIInterfaceOrientationPortrait UIInterfaceOrientationLandscapeLeft UIInterfaceOrientationLandscapeRight";
				IPHONEOS_DEPLOYMENT_TARGET = 13.2;
				LD_RUNPATH_SEARCH_PATHS = (
					"$(inherited)",
					"@executable_path/Frameworks",
				);
				MARKETING_VERSION = 1.0;
				PRODUCT_BUNDLE_IDENTIFIER = kr.jp.kyulee.QueueExample;
				PRODUCT_NAME = "$(TARGET_NAME)";
				SWIFT_EMIT_LOC_STRINGS = YES;
				SWIFT_VERSION = 5.0;
				TARGETED_DEVICE_FAMILY = "1,2";
			};
			name = Release;
		};
		94CD2AE12859D9D30046D262 /* Debug */ = {
			isa = XCBuildConfiguration;
			buildSettings = {
				ALWAYS_EMBED_SWIFT_STANDARD_LIBRARIES = YES;
				BUNDLE_LOADER = "$(TEST_HOST)";
				CODE_SIGN_STYLE = Automatic;
				CURRENT_PROJECT_VERSION = 1;
				DEVELOPMENT_TEAM = UNTPRP3C66;
				GENERATE_INFOPLIST_FILE = YES;
				IPHONEOS_DEPLOYMENT_TARGET = 15.5;
				MARKETING_VERSION = 1.0;
				PRODUCT_BUNDLE_IDENTIFIER = kr.jp.kyulee.QueueExampleTests;
				PRODUCT_NAME = "$(TARGET_NAME)";
				SWIFT_EMIT_LOC_STRINGS = NO;
				SWIFT_VERSION = 5.0;
				TARGETED_DEVICE_FAMILY = "1,2";
				TEST_HOST = "$(BUILT_PRODUCTS_DIR)/QueueExample.app/QueueExample";
			};
			name = Debug;
		};
		94CD2AE22859D9D30046D262 /* Release */ = {
			isa = XCBuildConfiguration;
			buildSettings = {
				ALWAYS_EMBED_SWIFT_STANDARD_LIBRARIES = YES;
				BUNDLE_LOADER = "$(TEST_HOST)";
				CODE_SIGN_STYLE = Automatic;
				CURRENT_PROJECT_VERSION = 1;
				DEVELOPMENT_TEAM = UNTPRP3C66;
				GENERATE_INFOPLIST_FILE = YES;
				IPHONEOS_DEPLOYMENT_TARGET = 15.5;
				MARKETING_VERSION = 1.0;
				PRODUCT_BUNDLE_IDENTIFIER = kr.jp.kyulee.QueueExampleTests;
				PRODUCT_NAME = "$(TARGET_NAME)";
				SWIFT_EMIT_LOC_STRINGS = NO;
				SWIFT_VERSION = 5.0;
				TARGETED_DEVICE_FAMILY = "1,2";
				TEST_HOST = "$(BUILT_PRODUCTS_DIR)/QueueExample.app/QueueExample";
			};
			name = Release;
		};
		94CD2AE42859D9D30046D262 /* Debug */ = {
			isa = XCBuildConfiguration;
			buildSettings = {
				ALWAYS_EMBED_SWIFT_STANDARD_LIBRARIES = YES;
				CODE_SIGN_STYLE = Automatic;
				CURRENT_PROJECT_VERSION = 1;
				DEVELOPMENT_TEAM = UNTPRP3C66;
				GENERATE_INFOPLIST_FILE = YES;
				MARKETING_VERSION = 1.0;
				PRODUCT_BUNDLE_IDENTIFIER = kr.jp.kyulee.QueueExampleUITests;
				PRODUCT_NAME = "$(TARGET_NAME)";
				SWIFT_EMIT_LOC_STRINGS = NO;
				SWIFT_VERSION = 5.0;
				TARGETED_DEVICE_FAMILY = "1,2";
				TEST_TARGET_NAME = QueueExample;
			};
			name = Debug;
		};
		94CD2AE52859D9D30046D262 /* Release */ = {
			isa = XCBuildConfiguration;
			buildSettings = {
				ALWAYS_EMBED_SWIFT_STANDARD_LIBRARIES = YES;
				CODE_SIGN_STYLE = Automatic;
				CURRENT_PROJECT_VERSION = 1;
				DEVELOPMENT_TEAM = UNTPRP3C66;
				GENERATE_INFOPLIST_FILE = YES;
				MARKETING_VERSION = 1.0;
				PRODUCT_BUNDLE_IDENTIFIER = kr.jp.kyulee.QueueExampleUITests;
				PRODUCT_NAME = "$(TARGET_NAME)";
				SWIFT_EMIT_LOC_STRINGS = NO;
				SWIFT_VERSION = 5.0;
				TARGETED_DEVICE_FAMILY = "1,2";
				TEST_TARGET_NAME = QueueExample;
			};
			name = Release;
		};
/* End XCBuildConfiguration section */

/* Begin XCConfigurationList section */
		94CD2AAE2859D9D20046D262 /* Build configuration list for PBXProject "QueueExample" */ = {
			isa = XCConfigurationList;
			buildConfigurations = (
				94CD2ADB2859D9D30046D262 /* Debug */,
				94CD2ADC2859D9D30046D262 /* Release */,
			);
			defaultConfigurationIsVisible = 0;
			defaultConfigurationName = Release;
		};
		94CD2ADD2859D9D30046D262 /* Build configuration list for PBXNativeTarget "QueueExample" */ = {
			isa = XCConfigurationList;
			buildConfigurations = (
				94CD2ADE2859D9D30046D262 /* Debug */,
				94CD2ADF2859D9D30046D262 /* Release */,
			);
			defaultConfigurationIsVisible = 0;
			defaultConfigurationName = Release;
		};
		94CD2AE02859D9D30046D262 /* Build configuration list for PBXNativeTarget "QueueExampleTests" */ = {
			isa = XCConfigurationList;
			buildConfigurations = (
				94CD2AE12859D9D30046D262 /* Debug */,
				94CD2AE22859D9D30046D262 /* Release */,
			);
			defaultConfigurationIsVisible = 0;
			defaultConfigurationName = Release;
		};
		94CD2AE32859D9D30046D262 /* Build configuration list for PBXNativeTarget "QueueExampleUITests" */ = {
			isa = XCConfigurationList;
			buildConfigurations = (
				94CD2AE42859D9D30046D262 /* Debug */,
				94CD2AE52859D9D30046D262 /* Release */,
			);
			defaultConfigurationIsVisible = 0;
			defaultConfigurationName = Release;
		};
/* End XCConfigurationList section */
	};
	rootObject = 94CD2AAB2859D9D20046D262 /* Project object */;
}
