// !$*UTF8*$!
{
	archiveVersion = 1;
	classes = {
	};
	objectVersion = 55;
	objects = {

/* Begin PBXBuildFile section */
		94DC309E2884429200174192 /* AppDelegate.swift in Sources */ = {isa = PBXBuildFile; fileRef = 94DC309D2884429200174192 /* AppDelegate.swift */; };
		94DC30A02884429200174192 /* SceneDelegate.swift in Sources */ = {isa = PBXBuildFile; fileRef = 94DC309F2884429200174192 /* SceneDelegate.swift */; };
		94DC30A22884429200174192 /* ViewController.swift in Sources */ = {isa = PBXBuildFile; fileRef = 94DC30A12884429200174192 /* ViewController.swift */; };
		94DC30A52884429200174192 /* Main.storyboard in Resources */ = {isa = PBXBuildFile; fileRef = 94DC30A32884429200174192 /* Main.storyboard */; };
		94DC30A72884429400174192 /* Assets.xcassets in Resources */ = {isa = PBXBuildFile; fileRef = 94DC30A62884429400174192 /* Assets.xcassets */; };
		94DC30AA2884429400174192 /* LaunchScreen.storyboard in Resources */ = {isa = PBXBuildFile; fileRef = 94DC30A82884429400174192 /* LaunchScreen.storyboard */; };
		94DC30B52884429400174192 /* Custom_rotate_buttonTests.swift in Sources */ = {isa = PBXBuildFile; fileRef = 94DC30B42884429400174192 /* Custom_rotate_buttonTests.swift */; };
		94DC30BF2884429400174192 /* Custom_rotate_buttonUITests.swift in Sources */ = {isa = PBXBuildFile; fileRef = 94DC30BE2884429400174192 /* Custom_rotate_buttonUITests.swift */; };
		94DC30C12884429400174192 /* Custom_rotate_buttonUITestsLaunchTests.swift in Sources */ = {isa = PBXBuildFile; fileRef = 94DC30C02884429400174192 /* Custom_rotate_buttonUITestsLaunchTests.swift */; };
/* End PBXBuildFile section */

/* Begin PBXContainerItemProxy section */
		94DC30B12884429400174192 /* PBXContainerItemProxy */ = {
			isa = PBXContainerItemProxy;
			containerPortal = 94DC30922884429200174192 /* Project object */;
			proxyType = 1;
			remoteGlobalIDString = 94DC30992884429200174192;
			remoteInfo = Custom_rotate_button;
		};
		94DC30BB2884429400174192 /* PBXContainerItemProxy */ = {
			isa = PBXContainerItemProxy;
			containerPortal = 94DC30922884429200174192 /* Project object */;
			proxyType = 1;
			remoteGlobalIDString = 94DC30992884429200174192;
			remoteInfo = Custom_rotate_button;
		};
/* End PBXContainerItemProxy section */

/* Begin PBXFileReference section */
		94DC309A2884429200174192 /* Custom_rotate_button.app */ = {isa = PBXFileReference; explicitFileType = wrapper.application; includeInIndex = 0; path = Custom_rotate_button.app; sourceTree = BUILT_PRODUCTS_DIR; };
		94DC309D2884429200174192 /* AppDelegate.swift */ = {isa = PBXFileReference; lastKnownFileType = sourcecode.swift; path = AppDelegate.swift; sourceTree = "<group>"; };
		94DC309F2884429200174192 /* SceneDelegate.swift */ = {isa = PBXFileReference; lastKnownFileType = sourcecode.swift; path = SceneDelegate.swift; sourceTree = "<group>"; };
		94DC30A12884429200174192 /* ViewController.swift */ = {isa = PBXFileReference; lastKnownFileType = sourcecode.swift; path = ViewController.swift; sourceTree = "<group>"; };
		94DC30A42884429200174192 /* Base */ = {isa = PBXFileReference; lastKnownFileType = file.storyboard; name = Base; path = Base.lproj/Main.storyboard; sourceTree = "<group>"; };
		94DC30A62884429400174192 /* Assets.xcassets */ = {isa = PBXFileReference; lastKnownFileType = folder.assetcatalog; path = Assets.xcassets; sourceTree = "<group>"; };
		94DC30A92884429400174192 /* Base */ = {isa = PBXFileReference; lastKnownFileType = file.storyboard; name = Base; path = Base.lproj/LaunchScreen.storyboard; sourceTree = "<group>"; };
		94DC30AB2884429400174192 /* Info.plist */ = {isa = PBXFileReference; lastKnownFileType = text.plist.xml; path = Info.plist; sourceTree = "<group>"; };
		94DC30B02884429400174192 /* Custom_rotate_buttonTests.xctest */ = {isa = PBXFileReference; explicitFileType = wrapper.cfbundle; includeInIndex = 0; path = Custom_rotate_buttonTests.xctest; sourceTree = BUILT_PRODUCTS_DIR; };
		94DC30B42884429400174192 /* Custom_rotate_buttonTests.swift */ = {isa = PBXFileReference; lastKnownFileType = sourcecode.swift; path = Custom_rotate_buttonTests.swift; sourceTree = "<group>"; };
		94DC30BA2884429400174192 /* Custom_rotate_buttonUITests.xctest */ = {isa = PBXFileReference; explicitFileType = wrapper.cfbundle; includeInIndex = 0; path = Custom_rotate_buttonUITests.xctest; sourceTree = BUILT_PRODUCTS_DIR; };
		94DC30BE2884429400174192 /* Custom_rotate_buttonUITests.swift */ = {isa = PBXFileReference; lastKnownFileType = sourcecode.swift; path = Custom_rotate_buttonUITests.swift; sourceTree = "<group>"; };
		94DC30C02884429400174192 /* Custom_rotate_buttonUITestsLaunchTests.swift */ = {isa = PBXFileReference; lastKnownFileType = sourcecode.swift; path = Custom_rotate_buttonUITestsLaunchTests.swift; sourceTree = "<group>"; };
/* End PBXFileReference section */

/* Begin PBXFrameworksBuildPhase section */
		94DC30972884429200174192 /* Frameworks */ = {
			isa = PBXFrameworksBuildPhase;
			buildActionMask = 2147483647;
			files = (
			);
			runOnlyForDeploymentPostprocessing = 0;
		};
		94DC30AD2884429400174192 /* Frameworks */ = {
			isa = PBXFrameworksBuildPhase;
			buildActionMask = 2147483647;
			files = (
			);
			runOnlyForDeploymentPostprocessing = 0;
		};
		94DC30B72884429400174192 /* Frameworks */ = {
			isa = PBXFrameworksBuildPhase;
			buildActionMask = 2147483647;
			files = (
			);
			runOnlyForDeploymentPostprocessing = 0;
		};
/* End PBXFrameworksBuildPhase section */

/* Begin PBXGroup section */
		94DC30912884429200174192 = {
			isa = PBXGroup;
			children = (
				94DC309C2884429200174192 /* Custom_rotate_button */,
				94DC30B32884429400174192 /* Custom_rotate_buttonTests */,
				94DC30BD2884429400174192 /* Custom_rotate_buttonUITests */,
				94DC309B2884429200174192 /* Products */,
			);
			sourceTree = "<group>";
		};
		94DC309B2884429200174192 /* Products */ = {
			isa = PBXGroup;
			children = (
				94DC309A2884429200174192 /* Custom_rotate_button.app */,
				94DC30B02884429400174192 /* Custom_rotate_buttonTests.xctest */,
				94DC30BA2884429400174192 /* Custom_rotate_buttonUITests.xctest */,
			);
			name = Products;
			sourceTree = "<group>";
		};
		94DC309C2884429200174192 /* Custom_rotate_button */ = {
			isa = PBXGroup;
			children = (
				94DC309D2884429200174192 /* AppDelegate.swift */,
				94DC309F2884429200174192 /* SceneDelegate.swift */,
				94DC30A12884429200174192 /* ViewController.swift */,
				94DC30A32884429200174192 /* Main.storyboard */,
				94DC30A62884429400174192 /* Assets.xcassets */,
				94DC30A82884429400174192 /* LaunchScreen.storyboard */,
				94DC30AB2884429400174192 /* Info.plist */,
			);
			path = Custom_rotate_button;
			sourceTree = "<group>";
		};
		94DC30B32884429400174192 /* Custom_rotate_buttonTests */ = {
			isa = PBXGroup;
			children = (
				94DC30B42884429400174192 /* Custom_rotate_buttonTests.swift */,
			);
			path = Custom_rotate_buttonTests;
			sourceTree = "<group>";
		};
		94DC30BD2884429400174192 /* Custom_rotate_buttonUITests */ = {
			isa = PBXGroup;
			children = (
				94DC30BE2884429400174192 /* Custom_rotate_buttonUITests.swift */,
				94DC30C02884429400174192 /* Custom_rotate_buttonUITestsLaunchTests.swift */,
			);
			path = Custom_rotate_buttonUITests;
			sourceTree = "<group>";
		};
/* End PBXGroup section */

/* Begin PBXNativeTarget section */
		94DC30992884429200174192 /* Custom_rotate_button */ = {
			isa = PBXNativeTarget;
			buildConfigurationList = 94DC30C42884429400174192 /* Build configuration list for PBXNativeTarget "Custom_rotate_button" */;
			buildPhases = (
				94DC30962884429200174192 /* Sources */,
				94DC30972884429200174192 /* Frameworks */,
				94DC30982884429200174192 /* Resources */,
			);
			buildRules = (
			);
			dependencies = (
			);
			name = Custom_rotate_button;
			productName = Custom_rotate_button;
			productReference = 94DC309A2884429200174192 /* Custom_rotate_button.app */;
			productType = "com.apple.product-type.application";
		};
		94DC30AF2884429400174192 /* Custom_rotate_buttonTests */ = {
			isa = PBXNativeTarget;
			buildConfigurationList = 94DC30C72884429400174192 /* Build configuration list for PBXNativeTarget "Custom_rotate_buttonTests" */;
			buildPhases = (
				94DC30AC2884429400174192 /* Sources */,
				94DC30AD2884429400174192 /* Frameworks */,
				94DC30AE2884429400174192 /* Resources */,
			);
			buildRules = (
			);
			dependencies = (
				94DC30B22884429400174192 /* PBXTargetDependency */,
			);
			name = Custom_rotate_buttonTests;
			productName = Custom_rotate_buttonTests;
			productReference = 94DC30B02884429400174192 /* Custom_rotate_buttonTests.xctest */;
			productType = "com.apple.product-type.bundle.unit-test";
		};
		94DC30B92884429400174192 /* Custom_rotate_buttonUITests */ = {
			isa = PBXNativeTarget;
			buildConfigurationList = 94DC30CA2884429400174192 /* Build configuration list for PBXNativeTarget "Custom_rotate_buttonUITests" */;
			buildPhases = (
				94DC30B62884429400174192 /* Sources */,
				94DC30B72884429400174192 /* Frameworks */,
				94DC30B82884429400174192 /* Resources */,
			);
			buildRules = (
			);
			dependencies = (
				94DC30BC2884429400174192 /* PBXTargetDependency */,
			);
			name = Custom_rotate_buttonUITests;
			productName = Custom_rotate_buttonUITests;
			productReference = 94DC30BA2884429400174192 /* Custom_rotate_buttonUITests.xctest */;
			productType = "com.apple.product-type.bundle.ui-testing";
		};
/* End PBXNativeTarget section */

/* Begin PBXProject section */
		94DC30922884429200174192 /* Project object */ = {
			isa = PBXProject;
			attributes = {
				BuildIndependentTargetsInParallel = 1;
				LastSwiftUpdateCheck = 1340;
				LastUpgradeCheck = 1340;
				TargetAttributes = {
					94DC30992884429200174192 = {
						CreatedOnToolsVersion = 13.4.1;
					};
					94DC30AF2884429400174192 = {
						CreatedOnToolsVersion = 13.4.1;
						TestTargetID = 94DC30992884429200174192;
					};
					94DC30B92884429400174192 = {
						CreatedOnToolsVersion = 13.4.1;
						TestTargetID = 94DC30992884429200174192;
					};
				};
			};
			buildConfigurationList = 94DC30952884429200174192 /* Build configuration list for PBXProject "Custom_rotate_button" */;
			compatibilityVersion = "Xcode 13.0";
			developmentRegion = en;
			hasScannedForEncodings = 0;
			knownRegions = (
				en,
				Base,
			);
			mainGroup = 94DC30912884429200174192;
			productRefGroup = 94DC309B2884429200174192 /* Products */;
			projectDirPath = "";
			projectRoot = "";
			targets = (
				94DC30992884429200174192 /* Custom_rotate_button */,
				94DC30AF2884429400174192 /* Custom_rotate_buttonTests */,
				94DC30B92884429400174192 /* Custom_rotate_buttonUITests */,
			);
		};
/* End PBXProject section */

/* Begin PBXResourcesBuildPhase section */
		94DC30982884429200174192 /* Resources */ = {
			isa = PBXResourcesBuildPhase;
			buildActionMask = 2147483647;
			files = (
				94DC30AA2884429400174192 /* LaunchScreen.storyboard in Resources */,
				94DC30A72884429400174192 /* Assets.xcassets in Resources */,
				94DC30A52884429200174192 /* Main.storyboard in Resources */,
			);
			runOnlyForDeploymentPostprocessing = 0;
		};
		94DC30AE2884429400174192 /* Resources */ = {
			isa = PBXResourcesBuildPhase;
			buildActionMask = 2147483647;
			files = (
			);
			runOnlyForDeploymentPostprocessing = 0;
		};
		94DC30B82884429400174192 /* Resources */ = {
			isa = PBXResourcesBuildPhase;
			buildActionMask = 2147483647;
			files = (
			);
			runOnlyForDeploymentPostprocessing = 0;
		};
/* End PBXResourcesBuildPhase section */

/* Begin PBXSourcesBuildPhase section */
		94DC30962884429200174192 /* Sources */ = {
			isa = PBXSourcesBuildPhase;
			buildActionMask = 2147483647;
			files = (
				94DC30A22884429200174192 /* ViewController.swift in Sources */,
				94DC309E2884429200174192 /* AppDelegate.swift in Sources */,
				94DC30A02884429200174192 /* SceneDelegate.swift in Sources */,
			);
			runOnlyForDeploymentPostprocessing = 0;
		};
		94DC30AC2884429400174192 /* Sources */ = {
			isa = PBXSourcesBuildPhase;
			buildActionMask = 2147483647;
			files = (
				94DC30B52884429400174192 /* Custom_rotate_buttonTests.swift in Sources */,
			);
			runOnlyForDeploymentPostprocessing = 0;
		};
		94DC30B62884429400174192 /* Sources */ = {
			isa = PBXSourcesBuildPhase;
			buildActionMask = 2147483647;
			files = (
				94DC30C12884429400174192 /* Custom_rotate_buttonUITestsLaunchTests.swift in Sources */,
				94DC30BF2884429400174192 /* Custom_rotate_buttonUITests.swift in Sources */,
			);
			runOnlyForDeploymentPostprocessing = 0;
		};
/* End PBXSourcesBuildPhase section */

/* Begin PBXTargetDependency section */
		94DC30B22884429400174192 /* PBXTargetDependency */ = {
			isa = PBXTargetDependency;
			target = 94DC30992884429200174192 /* Custom_rotate_button */;
			targetProxy = 94DC30B12884429400174192 /* PBXContainerItemProxy */;
		};
		94DC30BC2884429400174192 /* PBXTargetDependency */ = {
			isa = PBXTargetDependency;
			target = 94DC30992884429200174192 /* Custom_rotate_button */;
			targetProxy = 94DC30BB2884429400174192 /* PBXContainerItemProxy */;
		};
/* End PBXTargetDependency section */

/* Begin PBXVariantGroup section */
		94DC30A32884429200174192 /* Main.storyboard */ = {
			isa = PBXVariantGroup;
			children = (
				94DC30A42884429200174192 /* Base */,
			);
			name = Main.storyboard;
			sourceTree = "<group>";
		};
		94DC30A82884429400174192 /* LaunchScreen.storyboard */ = {
			isa = PBXVariantGroup;
			children = (
				94DC30A92884429400174192 /* Base */,
			);
			name = LaunchScreen.storyboard;
			sourceTree = "<group>";
		};
/* End PBXVariantGroup section */

/* Begin XCBuildConfiguration section */
		94DC30C22884429400174192 /* Debug */ = {
			isa = XCBuildConfiguration;
			buildSettings = {
				ALWAYS_SEARCH_USER_PATHS = NO;
				CLANG_ANALYZER_NONNULL = YES;
				CLANG_ANALYZER_NUMBER_OBJECT_CONVERSION = YES_AGGRESSIVE;
				CLANG_CXX_LANGUAGE_STANDARD = "gnu++17";
				CLANG_ENABLE_MODULES = YES;
				CLANG_ENABLE_OBJC_ARC = YES;
				CLANG_ENABLE_OBJC_WEAK = YES;
				CLANG_WARN_BLOCK_CAPTURE_AUTORELEASING = YES;
				CLANG_WARN_BOOL_CONVERSION = YES;
				CLANG_WARN_COMMA = YES;
				CLANG_WARN_CONSTANT_CONVERSION = YES;
				CLANG_WARN_DEPRECATED_OBJC_IMPLEMENTATIONS = YES;
				CLANG_WARN_DIRECT_OBJC_ISA_USAGE = YES_ERROR;
				CLANG_WARN_DOCUMENTATION_COMMENTS = YES;
				CLANG_WARN_EMPTY_BODY = YES;
				CLANG_WARN_ENUM_CONVERSION = YES;
				CLANG_WARN_INFINITE_RECURSION = YES;
				CLANG_WARN_INT_CONVERSION = YES;
				CLANG_WARN_NON_LITERAL_NULL_CONVERSION = YES;
				CLANG_WARN_OBJC_IMPLICIT_RETAIN_SELF = YES;
				CLANG_WARN_OBJC_LITERAL_CONVERSION = YES;
				CLANG_WARN_OBJC_ROOT_CLASS = YES_ERROR;
				CLANG_WARN_QUOTED_INCLUDE_IN_FRAMEWORK_HEADER = YES;
				CLANG_WARN_RANGE_LOOP_ANALYSIS = YES;
				CLANG_WARN_STRICT_PROTOTYPES = YES;
				CLANG_WARN_SUSPICIOUS_MOVE = YES;
				CLANG_WARN_UNGUARDED_AVAILABILITY = YES_AGGRESSIVE;
				CLANG_WARN_UNREACHABLE_CODE = YES;
				CLANG_WARN__DUPLICATE_METHOD_MATCH = YES;
				COPY_PHASE_STRIP = NO;
				DEBUG_INFORMATION_FORMAT = dwarf;
				ENABLE_STRICT_OBJC_MSGSEND = YES;
				ENABLE_TESTABILITY = YES;
				GCC_C_LANGUAGE_STANDARD = gnu11;
				GCC_DYNAMIC_NO_PIC = NO;
				GCC_NO_COMMON_BLOCKS = YES;
				GCC_OPTIMIZATION_LEVEL = 0;
				GCC_PREPROCESSOR_DEFINITIONS = (
					"DEBUG=1",
					"$(inherited)",
				);
				GCC_WARN_64_TO_32_BIT_CONVERSION = YES;
				GCC_WARN_ABOUT_RETURN_TYPE = YES_ERROR;
				GCC_WARN_UNDECLARED_SELECTOR = YES;
				GCC_WARN_UNINITIALIZED_AUTOS = YES_AGGRESSIVE;
				GCC_WARN_UNUSED_FUNCTION = YES;
				GCC_WARN_UNUSED_VARIABLE = YES;
				IPHONEOS_DEPLOYMENT_TARGET = 15.5;
				MTL_ENABLE_DEBUG_INFO = INCLUDE_SOURCE;
				MTL_FAST_MATH = YES;
				ONLY_ACTIVE_ARCH = YES;
				SDKROOT = iphoneos;
				SWIFT_ACTIVE_COMPILATION_CONDITIONS = DEBUG;
				SWIFT_OPTIMIZATION_LEVEL = "-Onone";
			};
			name = Debug;
		};
		94DC30C32884429400174192 /* Release */ = {
			isa = XCBuildConfiguration;
			buildSettings = {
				ALWAYS_SEARCH_USER_PATHS = NO;
				CLANG_ANALYZER_NONNULL = YES;
				CLANG_ANALYZER_NUMBER_OBJECT_CONVERSION = YES_AGGRESSIVE;
				CLANG_CXX_LANGUAGE_STANDARD = "gnu++17";
				CLANG_ENABLE_MODULES = YES;
				CLANG_ENABLE_OBJC_ARC = YES;
				CLANG_ENABLE_OBJC_WEAK = YES;
				CLANG_WARN_BLOCK_CAPTURE_AUTORELEASING = YES;
				CLANG_WARN_BOOL_CONVERSION = YES;
				CLANG_WARN_COMMA = YES;
				CLANG_WARN_CONSTANT_CONVERSION = YES;
				CLANG_WARN_DEPRECATED_OBJC_IMPLEMENTATIONS = YES;
				CLANG_WARN_DIRECT_OBJC_ISA_USAGE = YES_ERROR;
				CLANG_WARN_DOCUMENTATION_COMMENTS = YES;
				CLANG_WARN_EMPTY_BODY = YES;
				CLANG_WARN_ENUM_CONVERSION = YES;
				CLANG_WARN_INFINITE_RECURSION = YES;
				CLANG_WARN_INT_CONVERSION = YES;
				CLANG_WARN_NON_LITERAL_NULL_CONVERSION = YES;
				CLANG_WARN_OBJC_IMPLICIT_RETAIN_SELF = YES;
				CLANG_WARN_OBJC_LITERAL_CONVERSION = YES;
				CLANG_WARN_OBJC_ROOT_CLASS = YES_ERROR;
				CLANG_WARN_QUOTED_INCLUDE_IN_FRAMEWORK_HEADER = YES;
				CLANG_WARN_RANGE_LOOP_ANALYSIS = YES;
				CLANG_WARN_STRICT_PROTOTYPES = YES;
				CLANG_WARN_SUSPICIOUS_MOVE = YES;
				CLANG_WARN_UNGUARDED_AVAILABILITY = YES_AGGRESSIVE;
				CLANG_WARN_UNREACHABLE_CODE = YES;
				CLANG_WARN__DUPLICATE_METHOD_MATCH = YES;
				COPY_PHASE_STRIP = NO;
				DEBUG_INFORMATION_FORMAT = "dwarf-with-dsym";
				ENABLE_NS_ASSERTIONS = NO;
				ENABLE_STRICT_OBJC_MSGSEND = YES;
				GCC_C_LANGUAGE_STANDARD = gnu11;
				GCC_NO_COMMON_BLOCKS = YES;
				GCC_WARN_64_TO_32_BIT_CONVERSION = YES;
				GCC_WARN_ABOUT_RETURN_TYPE = YES_ERROR;
				GCC_WARN_UNDECLARED_SELECTOR = YES;
				GCC_WARN_UNINITIALIZED_AUTOS = YES_AGGRESSIVE;
				GCC_WARN_UNUSED_FUNCTION = YES;
				GCC_WARN_UNUSED_VARIABLE = YES;
				IPHONEOS_DEPLOYMENT_TARGET = 15.5;
				MTL_ENABLE_DEBUG_INFO = NO;
				MTL_FAST_MATH = YES;
				SDKROOT = iphoneos;
				SWIFT_COMPILATION_MODE = wholemodule;
				SWIFT_OPTIMIZATION_LEVEL = "-O";
				VALIDATE_PRODUCT = YES;
			};
			name = Release;
		};
		94DC30C52884429400174192 /* Debug */ = {
			isa = XCBuildConfiguration;
			buildSettings = {
				ASSETCATALOG_COMPILER_APPICON_NAME = AppIcon;
				ASSETCATALOG_COMPILER_GLOBAL_ACCENT_COLOR_NAME = AccentColor;
				CODE_SIGN_STYLE = Automatic;
				CURRENT_PROJECT_VERSION = 1;
				DEVELOPMENT_TEAM = UNTPRP3C66;
				GENERATE_INFOPLIST_FILE = YES;
				INFOPLIST_FILE = Custom_rotate_button/Info.plist;
				INFOPLIST_KEY_UIApplicationSupportsIndirectInputEvents = YES;
				INFOPLIST_KEY_UILaunchStoryboardName = LaunchScreen;
				INFOPLIST_KEY_UIMainStoryboardFile = Main;
				INFOPLIST_KEY_UISupportedInterfaceOrientations_iPad = "UIInterfaceOrientationPortrait UIInterfaceOrientationPortraitUpsideDown UIInterfaceOrientationLandscapeLeft UIInterfaceOrientationLandscapeRight";
				INFOPLIST_KEY_UISupportedInterfaceOrientations_iPhone = "UIInterfaceOrientationPortrait UIInterfaceOrientationLandscapeLeft UIInterfaceOrientationLandscapeRight";
				LD_RUNPATH_SEARCH_PATHS = (
					"$(inherited)",
					"@executable_path/Frameworks",
				);
				MARKETING_VERSION = 1.0;
				PRODUCT_BUNDLE_IDENTIFIER = "kr.jp.kyulee.Custom-rotate-button";
				PRODUCT_NAME = "$(TARGET_NAME)";
				SWIFT_EMIT_LOC_STRINGS = YES;
				SWIFT_VERSION = 5.0;
				TARGETED_DEVICE_FAMILY = "1,2";
			};
			name = Debug;
		};
		94DC30C62884429400174192 /* Release */ = {
			isa = XCBuildConfiguration;
			buildSettings = {
				ASSETCATALOG_COMPILER_APPICON_NAME = AppIcon;
				ASSETCATALOG_COMPILER_GLOBAL_ACCENT_COLOR_NAME = AccentColor;
				CODE_SIGN_STYLE = Automatic;
				CURRENT_PROJECT_VERSION = 1;
				DEVELOPMENT_TEAM = UNTPRP3C66;
				GENERATE_INFOPLIST_FILE = YES;
				INFOPLIST_FILE = Custom_rotate_button/Info.plist;
				INFOPLIST_KEY_UIApplicationSupportsIndirectInputEvents = YES;
				INFOPLIST_KEY_UILaunchStoryboardName = LaunchScreen;
				INFOPLIST_KEY_UIMainStoryboardFile = Main;
				INFOPLIST_KEY_UISupportedInterfaceOrientations_iPad = "UIInterfaceOrientationPortrait UIInterfaceOrientationPortraitUpsideDown UIInterfaceOrientationLandscapeLeft UIInterfaceOrientationLandscapeRight";
				INFOPLIST_KEY_UISupportedInterfaceOrientations_iPhone = "UIInterfaceOrientationPortrait UIInterfaceOrientationLandscapeLeft UIInterfaceOrientationLandscapeRight";
				LD_RUNPATH_SEARCH_PATHS = (
					"$(inherited)",
					"@executable_path/Frameworks",
				);
				MARKETING_VERSION = 1.0;
				PRODUCT_BUNDLE_IDENTIFIER = "kr.jp.kyulee.Custom-rotate-button";
				PRODUCT_NAME = "$(TARGET_NAME)";
				SWIFT_EMIT_LOC_STRINGS = YES;
				SWIFT_VERSION = 5.0;
				TARGETED_DEVICE_FAMILY = "1,2";
			};
			name = Release;
		};
		94DC30C82884429400174192 /* Debug */ = {
			isa = XCBuildConfiguration;
			buildSettings = {
				ALWAYS_EMBED_SWIFT_STANDARD_LIBRARIES = YES;
				BUNDLE_LOADER = "$(TEST_HOST)";
				CODE_SIGN_STYLE = Automatic;
				CURRENT_PROJECT_VERSION = 1;
				DEVELOPMENT_TEAM = UNTPRP3C66;
				GENERATE_INFOPLIST_FILE = YES;
				IPHONEOS_DEPLOYMENT_TARGET = 15.5;
				MARKETING_VERSION = 1.0;
				PRODUCT_BUNDLE_IDENTIFIER = "kr.jp.kyulee.Custom-rotate-buttonTests";
				PRODUCT_NAME = "$(TARGET_NAME)";
				SWIFT_EMIT_LOC_STRINGS = NO;
				SWIFT_VERSION = 5.0;
				TARGETED_DEVICE_FAMILY = "1,2";
				TEST_HOST = "$(BUILT_PRODUCTS_DIR)/Custom_rotate_button.app/Custom_rotate_button";
			};
			name = Debug;
		};
		94DC30C92884429400174192 /* Release */ = {
			isa = XCBuildConfiguration;
			buildSettings = {
				ALWAYS_EMBED_SWIFT_STANDARD_LIBRARIES = YES;
				BUNDLE_LOADER = "$(TEST_HOST)";
				CODE_SIGN_STYLE = Automatic;
				CURRENT_PROJECT_VERSION = 1;
				DEVELOPMENT_TEAM = UNTPRP3C66;
				GENERATE_INFOPLIST_FILE = YES;
				IPHONEOS_DEPLOYMENT_TARGET = 15.5;
				MARKETING_VERSION = 1.0;
				PRODUCT_BUNDLE_IDENTIFIER = "kr.jp.kyulee.Custom-rotate-buttonTests";
				PRODUCT_NAME = "$(TARGET_NAME)";
				SWIFT_EMIT_LOC_STRINGS = NO;
				SWIFT_VERSION = 5.0;
				TARGETED_DEVICE_FAMILY = "1,2";
				TEST_HOST = "$(BUILT_PRODUCTS_DIR)/Custom_rotate_button.app/Custom_rotate_button";
			};
			name = Release;
		};
		94DC30CB2884429400174192 /* Debug */ = {
			isa = XCBuildConfiguration;
			buildSettings = {
				ALWAYS_EMBED_SWIFT_STANDARD_LIBRARIES = YES;
				CODE_SIGN_STYLE = Automatic;
				CURRENT_PROJECT_VERSION = 1;
				DEVELOPMENT_TEAM = UNTPRP3C66;
				GENERATE_INFOPLIST_FILE = YES;
				MARKETING_VERSION = 1.0;
				PRODUCT_BUNDLE_IDENTIFIER = "kr.jp.kyulee.Custom-rotate-buttonUITests";
				PRODUCT_NAME = "$(TARGET_NAME)";
				SWIFT_EMIT_LOC_STRINGS = NO;
				SWIFT_VERSION = 5.0;
				TARGETED_DEVICE_FAMILY = "1,2";
				TEST_TARGET_NAME = Custom_rotate_button;
			};
			name = Debug;
		};
		94DC30CC2884429400174192 /* Release */ = {
			isa = XCBuildConfiguration;
			buildSettings = {
				ALWAYS_EMBED_SWIFT_STANDARD_LIBRARIES = YES;
				CODE_SIGN_STYLE = Automatic;
				CURRENT_PROJECT_VERSION = 1;
				DEVELOPMENT_TEAM = UNTPRP3C66;
				GENERATE_INFOPLIST_FILE = YES;
				MARKETING_VERSION = 1.0;
				PRODUCT_BUNDLE_IDENTIFIER = "kr.jp.kyulee.Custom-rotate-buttonUITests";
				PRODUCT_NAME = "$(TARGET_NAME)";
				SWIFT_EMIT_LOC_STRINGS = NO;
				SWIFT_VERSION = 5.0;
				TARGETED_DEVICE_FAMILY = "1,2";
				TEST_TARGET_NAME = Custom_rotate_button;
			};
			name = Release;
		};
/* End XCBuildConfiguration section */

/* Begin XCConfigurationList section */
		94DC30952884429200174192 /* Build configuration list for PBXProject "Custom_rotate_button" */ = {
			isa = XCConfigurationList;
			buildConfigurations = (
				94DC30C22884429400174192 /* Debug */,
				94DC30C32884429400174192 /* Release */,
			);
			defaultConfigurationIsVisible = 0;
			defaultConfigurationName = Release;
		};
		94DC30C42884429400174192 /* Build configuration list for PBXNativeTarget "Custom_rotate_button" */ = {
			isa = XCConfigurationList;
			buildConfigurations = (
				94DC30C52884429400174192 /* Debug */,
				94DC30C62884429400174192 /* Release */,
			);
			defaultConfigurationIsVisible = 0;
			defaultConfigurationName = Release;
		};
		94DC30C72884429400174192 /* Build configuration list for PBXNativeTarget "Custom_rotate_buttonTests" */ = {
			isa = XCConfigurationList;
			buildConfigurations = (
				94DC30C82884429400174192 /* Debug */,
				94DC30C92884429400174192 /* Release */,
			);
			defaultConfigurationIsVisible = 0;
			defaultConfigurationName = Release;
		};
		94DC30CA2884429400174192 /* Build configuration list for PBXNativeTarget "Custom_rotate_buttonUITests" */ = {
			isa = XCConfigurationList;
			buildConfigurations = (
				94DC30CB2884429400174192 /* Debug */,
				94DC30CC2884429400174192 /* Release */,
			);
			defaultConfigurationIsVisible = 0;
			defaultConfigurationName = Release;
		};
/* End XCConfigurationList section */
	};
	rootObject = 94DC30922884429200174192 /* Project object */;
}
